
Microsoft Visual Studio Solution File, Format Version 12.00
# Visual Studio 11
Project("{8BC9CEB8-8B4A-11D0-8D11-00A0C91BC942}") = "nattraverse_kmdffilter", "nattraverse_kmdffilter\nattraverse_kmdffilter.vcxproj", "{1584B5B0-3401-4A53-B7AB-A22850E61C3B}"
EndProject
Project("{8BC9CEB8-8B4A-11D0-8D11-00A0C91BC942}") = "nattraverse_kmdffilter Package", "nattraverse_kmdffilter Package\nattraverse_kmdffilter Package.vcxproj", "{C658019D-17CF-4FEA-8002-23E2100BB54E}"
EndProject
Project("{8BC9CEB8-8B4A-11D0-8D11-00A0C91BC942}") = "NATTraversalService", "NATTraversalService\NATTraversalService.vcxproj", "{441EBCAE-4030-4330-9B1A-13FB39929776}"
EndProject
Project("{2150E333-8FDC-42A3-9474-1A3956D46DE8}") = "rfc", "rfc", "{AB83200E-5BCB-4FE3-910F-ABFEF4ADB96A}"
	ProjectSection(SolutionItems) = preProject
		rfc\rfc1122.txt = rfc\rfc1122.txt
		rfc\rfc1780.txt = rfc\rfc1780.txt
		rfc\rfc1812.txt = rfc\rfc1812.txt
		rfc\rfc768.txt = rfc\rfc768.txt
		rfc\rfc791.txt = rfc\rfc791.txt
		rfc\rfc793.txt = rfc\rfc793.txt
	EndProjectSection
EndProject
Project("{8BC9CEB8-8B4A-11D0-8D11-00A0C91BC942}") = "reboot_prompt", "reboot_prompt\reboot_prompt.vcxproj", "{E1A1D011-C268-40D4-B972-857771536C60}"
EndProject
Project("{8BC9CEB8-8B4A-11D0-8D11-00A0C91BC942}") = "NATTraversalConfig", "NATTraversalConfig\NATTraversalConfig.vcxproj", "{4E5B405A-4B5D-467B-9B51-7A2D641FA147}"
EndProject
Project("{8BC9CEB8-8B4A-11D0-8D11-00A0C91BC942}") = "test_reboot_need", "test_reboot_need\test_reboot_need.vcxproj", "{37572235-84AA-4759-9360-0B5808F9609C}"
EndProject
Project("{2150E333-8FDC-42A3-9474-1A3956D46DE8}") = "InstallResorces", "InstallResorces", "{CFAC9154-A5F1-4CEE-9175-32AEE9882837}"
	ProjectSection(SolutionItems) = preProject
		LicenseAgreement.rtf = LicenseAgreement.rtf
		Инсталляция системы обхода NAT.docx = Инсталляция системы обхода NAT.docx
	EndProjectSection
EndProject
Project("{8BC9CEB8-8B4A-11D0-8D11-00A0C91BC942}") = "NATTraversalUninstaller", "NATTraversalUninstaller\NATTraversalUninstaller.vcxproj", "{5E1A5E76-AEC9-4633-BB57-DEF7DE4EFA7D}"
EndProject
Global
	GlobalSection(SolutionConfigurationPlatforms) = preSolution
		CD_ROM|Mixed Platforms = CD_ROM|Mixed Platforms
		CD_ROM|Win32 = CD_ROM|Win32
		CD_ROM|x64 = CD_ROM|x64
		CD_ROM|x86 = CD_ROM|x86
		DVD-5|Mixed Platforms = DVD-5|Mixed Platforms
		DVD-5|Win32 = DVD-5|Win32
		DVD-5|x64 = DVD-5|x64
		DVD-5|x86 = DVD-5|x86
		Debug|Mixed Platforms = Debug|Mixed Platforms
		Debug|Win32 = Debug|Win32
		Debug|x64 = Debug|x64
		Debug|x86 = Debug|x86
		Release|Mixed Platforms = Release|Mixed Platforms
		Release|Win32 = Release|Win32
		Release|x64 = Release|x64
		Release|x86 = Release|x86
		SingleImage|Mixed Platforms = SingleImage|Mixed Platforms
		SingleImage|Win32 = SingleImage|Win32
		SingleImage|x64 = SingleImage|x64
		SingleImage|x86 = SingleImage|x86
		Vista Debug|Mixed Platforms = Vista Debug|Mixed Platforms
		Vista Debug|Win32 = Vista Debug|Win32
		Vista Debug|x64 = Vista Debug|x64
		Vista Debug|x86 = Vista Debug|x86
		Vista Release|Mixed Platforms = Vista Release|Mixed Platforms
		Vista Release|Win32 = Vista Release|Win32
		Vista Release|x64 = Vista Release|x64
		Vista Release|x86 = Vista Release|x86
		Win7 Debug|Mixed Platforms = Win7 Debug|Mixed Platforms
		Win7 Debug|Win32 = Win7 Debug|Win32
		Win7 Debug|x64 = Win7 Debug|x64
		Win7 Debug|x86 = Win7 Debug|x86
		Win7 Release|Mixed Platforms = Win7 Release|Mixed Platforms
		Win7 Release|Win32 = Win7 Release|Win32
		Win7 Release|x64 = Win7 Release|x64
		Win7 Release|x86 = Win7 Release|x86
		Win8 beta Debug|Mixed Platforms = Win8 beta Debug|Mixed Platforms
		Win8 beta Debug|Win32 = Win8 beta Debug|Win32
		Win8 beta Debug|x64 = Win8 beta Debug|x64
		Win8 beta Debug|x86 = Win8 beta Debug|x86
		Win8 beta Release|Mixed Platforms = Win8 beta Release|Mixed Platforms
		Win8 beta Release|Win32 = Win8 beta Release|Win32
		Win8 beta Release|x64 = Win8 beta Release|x64
		Win8 beta Release|x86 = Win8 beta Release|x86
	EndGlobalSection
	GlobalSection(ProjectConfigurationPlatforms) = postSolution
		{1584B5B0-3401-4A53-B7AB-A22850E61C3B}.CD_ROM|Mixed Platforms.ActiveCfg = Vista Release|Win32
		{1584B5B0-3401-4A53-B7AB-A22850E61C3B}.CD_ROM|Mixed Platforms.Build.0 = Vista Release|Win32
		{1584B5B0-3401-4A53-B7AB-A22850E61C3B}.CD_ROM|Win32.ActiveCfg = Vista Release|Win32
		{1584B5B0-3401-4A53-B7AB-A22850E61C3B}.CD_ROM|Win32.Build.0 = Vista Release|Win32
		{1584B5B0-3401-4A53-B7AB-A22850E61C3B}.CD_ROM|x64.ActiveCfg = Win8 beta Release|x64
		{1584B5B0-3401-4A53-B7AB-A22850E61C3B}.CD_ROM|x64.Build.0 = Win8 beta Release|x64
		{1584B5B0-3401-4A53-B7AB-A22850E61C3B}.CD_ROM|x64.Deploy.0 = Win8 beta Release|x64
		{1584B5B0-3401-4A53-B7AB-A22850E61C3B}.CD_ROM|x86.ActiveCfg = Vista Debug|Win32
		{1584B5B0-3401-4A53-B7AB-A22850E61C3B}.CD_ROM|x86.Build.0 = Vista Debug|Win32
		{1584B5B0-3401-4A53-B7AB-A22850E61C3B}.DVD-5|Mixed Platforms.ActiveCfg = Vista Release|Win32
		{1584B5B0-3401-4A53-B7AB-A22850E61C3B}.DVD-5|Mixed Platforms.Build.0 = Vista Release|Win32
		{1584B5B0-3401-4A53-B7AB-A22850E61C3B}.DVD-5|Win32.ActiveCfg = Vista Release|Win32
		{1584B5B0-3401-4A53-B7AB-A22850E61C3B}.DVD-5|Win32.Build.0 = Vista Release|Win32
		{1584B5B0-3401-4A53-B7AB-A22850E61C3B}.DVD-5|x64.ActiveCfg = Win8 beta Release|x64
		{1584B5B0-3401-4A53-B7AB-A22850E61C3B}.DVD-5|x64.Build.0 = Win8 beta Release|x64
		{1584B5B0-3401-4A53-B7AB-A22850E61C3B}.DVD-5|x64.Deploy.0 = Win8 beta Release|x64
		{1584B5B0-3401-4A53-B7AB-A22850E61C3B}.DVD-5|x86.ActiveCfg = Vista Debug|Win32
		{1584B5B0-3401-4A53-B7AB-A22850E61C3B}.DVD-5|x86.Build.0 = Vista Debug|Win32
		{1584B5B0-3401-4A53-B7AB-A22850E61C3B}.Debug|Mixed Platforms.ActiveCfg = Win7 Debug|Win32
		{1584B5B0-3401-4A53-B7AB-A22850E61C3B}.Debug|Mixed Platforms.Build.0 = Win7 Debug|Win32
		{1584B5B0-3401-4A53-B7AB-A22850E61C3B}.Debug|Mixed Platforms.Deploy.0 = Win7 Debug|Win32
		{1584B5B0-3401-4A53-B7AB-A22850E61C3B}.Debug|Win32.ActiveCfg = Win8 beta Debug|Win32
		{1584B5B0-3401-4A53-B7AB-A22850E61C3B}.Debug|Win32.Build.0 = Win8 beta Debug|Win32
		{1584B5B0-3401-4A53-B7AB-A22850E61C3B}.Debug|x64.ActiveCfg = Vista Debug|x64
		{1584B5B0-3401-4A53-B7AB-A22850E61C3B}.Debug|x64.Build.0 = Vista Debug|x64
		{1584B5B0-3401-4A53-B7AB-A22850E61C3B}.Debug|x64.Deploy.0 = Vista Debug|x64
		{1584B5B0-3401-4A53-B7AB-A22850E61C3B}.Debug|x86.ActiveCfg = Vista Debug|Win32
		{1584B5B0-3401-4A53-B7AB-A22850E61C3B}.Debug|x86.Build.0 = Vista Debug|Win32
		{1584B5B0-3401-4A53-B7AB-A22850E61C3B}.Release|Mixed Platforms.ActiveCfg = Win8 beta Release|Win32
		{1584B5B0-3401-4A53-B7AB-A22850E61C3B}.Release|Mixed Platforms.Build.0 = Win8 beta Release|Win32
		{1584B5B0-3401-4A53-B7AB-A22850E61C3B}.Release|Mixed Platforms.Deploy.0 = Win8 beta Release|Win32
		{1584B5B0-3401-4A53-B7AB-A22850E61C3B}.Release|Win32.ActiveCfg = Win7 Release|Win32
		{1584B5B0-3401-4A53-B7AB-A22850E61C3B}.Release|Win32.Build.0 = Win7 Release|Win32
		{1584B5B0-3401-4A53-B7AB-A22850E61C3B}.Release|x64.ActiveCfg = Win7 Release|x64
		{1584B5B0-3401-4A53-B7AB-A22850E61C3B}.Release|x64.Build.0 = Win7 Release|x64
		{1584B5B0-3401-4A53-B7AB-A22850E61C3B}.Release|x64.Deploy.0 = Win7 Release|x64
		{1584B5B0-3401-4A53-B7AB-A22850E61C3B}.Release|x86.ActiveCfg = Win7 Release|Win32
		{1584B5B0-3401-4A53-B7AB-A22850E61C3B}.Release|x86.Build.0 = Win7 Release|Win32
		{1584B5B0-3401-4A53-B7AB-A22850E61C3B}.SingleImage|Mixed Platforms.ActiveCfg = Vista Release|Win32
		{1584B5B0-3401-4A53-B7AB-A22850E61C3B}.SingleImage|Mixed Platforms.Build.0 = Vista Release|Win32
		{1584B5B0-3401-4A53-B7AB-A22850E61C3B}.SingleImage|Win32.ActiveCfg = Vista Release|Win32
		{1584B5B0-3401-4A53-B7AB-A22850E61C3B}.SingleImage|Win32.Build.0 = Vista Release|Win32
		{1584B5B0-3401-4A53-B7AB-A22850E61C3B}.SingleImage|x64.ActiveCfg = Win8 beta Release|x64
		{1584B5B0-3401-4A53-B7AB-A22850E61C3B}.SingleImage|x64.Build.0 = Win8 beta Release|x64
		{1584B5B0-3401-4A53-B7AB-A22850E61C3B}.SingleImage|x64.Deploy.0 = Win8 beta Release|x64
		{1584B5B0-3401-4A53-B7AB-A22850E61C3B}.SingleImage|x86.ActiveCfg = Vista Debug|Win32
		{1584B5B0-3401-4A53-B7AB-A22850E61C3B}.SingleImage|x86.Build.0 = Vista Debug|Win32
		{1584B5B0-3401-4A53-B7AB-A22850E61C3B}.Vista Debug|Mixed Platforms.ActiveCfg = Vista Debug|Win32
		{1584B5B0-3401-4A53-B7AB-A22850E61C3B}.Vista Debug|Mixed Platforms.Build.0 = Vista Debug|Win32
		{1584B5B0-3401-4A53-B7AB-A22850E61C3B}.Vista Debug|Mixed Platforms.Deploy.0 = Vista Debug|Win32
		{1584B5B0-3401-4A53-B7AB-A22850E61C3B}.Vista Debug|Win32.ActiveCfg = Vista Debug|Win32
		{1584B5B0-3401-4A53-B7AB-A22850E61C3B}.Vista Debug|Win32.Build.0 = Vista Debug|Win32
		{1584B5B0-3401-4A53-B7AB-A22850E61C3B}.Vista Debug|x64.ActiveCfg = Vista Debug|x64
		{1584B5B0-3401-4A53-B7AB-A22850E61C3B}.Vista Debug|x64.Build.0 = Vista Debug|x64
		{1584B5B0-3401-4A53-B7AB-A22850E61C3B}.Vista Debug|x86.ActiveCfg = Vista Debug|Win32
		{1584B5B0-3401-4A53-B7AB-A22850E61C3B}.Vista Debug|x86.Build.0 = Vista Debug|Win32
		{1584B5B0-3401-4A53-B7AB-A22850E61C3B}.Vista Release|Mixed Platforms.ActiveCfg = Vista Release|Win32
		{1584B5B0-3401-4A53-B7AB-A22850E61C3B}.Vista Release|Mixed Platforms.Build.0 = Vista Release|Win32
		{1584B5B0-3401-4A53-B7AB-A22850E61C3B}.Vista Release|Mixed Platforms.Deploy.0 = Vista Release|Win32
		{1584B5B0-3401-4A53-B7AB-A22850E61C3B}.Vista Release|Win32.ActiveCfg = Vista Release|Win32
		{1584B5B0-3401-4A53-B7AB-A22850E61C3B}.Vista Release|Win32.Build.0 = Vista Release|Win32
		{1584B5B0-3401-4A53-B7AB-A22850E61C3B}.Vista Release|x64.ActiveCfg = Vista Release|x64
		{1584B5B0-3401-4A53-B7AB-A22850E61C3B}.Vista Release|x64.Build.0 = Vista Release|x64
		{1584B5B0-3401-4A53-B7AB-A22850E61C3B}.Vista Release|x64.Deploy.0 = Vista Release|x64
		{1584B5B0-3401-4A53-B7AB-A22850E61C3B}.Vista Release|x86.ActiveCfg = Vista Release|Win32
		{1584B5B0-3401-4A53-B7AB-A22850E61C3B}.Vista Release|x86.Build.0 = Vista Release|Win32
		{1584B5B0-3401-4A53-B7AB-A22850E61C3B}.Win7 Debug|Mixed Platforms.ActiveCfg = Win7 Debug|Win32
		{1584B5B0-3401-4A53-B7AB-A22850E61C3B}.Win7 Debug|Mixed Platforms.Build.0 = Win7 Debug|Win32
		{1584B5B0-3401-4A53-B7AB-A22850E61C3B}.Win7 Debug|Mixed Platforms.Deploy.0 = Win7 Debug|Win32
		{1584B5B0-3401-4A53-B7AB-A22850E61C3B}.Win7 Debug|Win32.ActiveCfg = Win7 Debug|Win32
		{1584B5B0-3401-4A53-B7AB-A22850E61C3B}.Win7 Debug|Win32.Build.0 = Win7 Debug|Win32
		{1584B5B0-3401-4A53-B7AB-A22850E61C3B}.Win7 Debug|x64.ActiveCfg = Win7 Debug|x64
		{1584B5B0-3401-4A53-B7AB-A22850E61C3B}.Win7 Debug|x64.Build.0 = Win7 Debug|x64
		{1584B5B0-3401-4A53-B7AB-A22850E61C3B}.Win7 Debug|x64.Deploy.0 = Win7 Debug|x64
		{1584B5B0-3401-4A53-B7AB-A22850E61C3B}.Win7 Debug|x86.ActiveCfg = Win7 Debug|Win32
		{1584B5B0-3401-4A53-B7AB-A22850E61C3B}.Win7 Debug|x86.Build.0 = Win7 Debug|Win32
		{1584B5B0-3401-4A53-B7AB-A22850E61C3B}.Win7 Release|Mixed Platforms.ActiveCfg = Win7 Release|Win32
		{1584B5B0-3401-4A53-B7AB-A22850E61C3B}.Win7 Release|Mixed Platforms.Build.0 = Win7 Release|Win32
		{1584B5B0-3401-4A53-B7AB-A22850E61C3B}.Win7 Release|Mixed Platforms.Deploy.0 = Win7 Release|Win32
		{1584B5B0-3401-4A53-B7AB-A22850E61C3B}.Win7 Release|Win32.ActiveCfg = Win7 Release|Win32
		{1584B5B0-3401-4A53-B7AB-A22850E61C3B}.Win7 Release|Win32.Build.0 = Win7 Release|Win32
		{1584B5B0-3401-4A53-B7AB-A22850E61C3B}.Win7 Release|x64.ActiveCfg = Win7 Release|x64
		{1584B5B0-3401-4A53-B7AB-A22850E61C3B}.Win7 Release|x64.Build.0 = Win7 Release|x64
		{1584B5B0-3401-4A53-B7AB-A22850E61C3B}.Win7 Release|x64.Deploy.0 = Win7 Release|x64
		{1584B5B0-3401-4A53-B7AB-A22850E61C3B}.Win7 Release|x86.ActiveCfg = Win7 Release|Win32
		{1584B5B0-3401-4A53-B7AB-A22850E61C3B}.Win7 Release|x86.Build.0 = Win7 Release|Win32
		{1584B5B0-3401-4A53-B7AB-A22850E61C3B}.Win8 beta Debug|Mixed Platforms.ActiveCfg = Win8 beta Debug|Win32
		{1584B5B0-3401-4A53-B7AB-A22850E61C3B}.Win8 beta Debug|Mixed Platforms.Build.0 = Win8 beta Debug|Win32
		{1584B5B0-3401-4A53-B7AB-A22850E61C3B}.Win8 beta Debug|Mixed Platforms.Deploy.0 = Win8 beta Debug|Win32
		{1584B5B0-3401-4A53-B7AB-A22850E61C3B}.Win8 beta Debug|Win32.ActiveCfg = Win8 beta Debug|Win32
		{1584B5B0-3401-4A53-B7AB-A22850E61C3B}.Win8 beta Debug|Win32.Build.0 = Win8 beta Debug|Win32
		{1584B5B0-3401-4A53-B7AB-A22850E61C3B}.Win8 beta Debug|x64.ActiveCfg = Win8 beta Debug|x64
		{1584B5B0-3401-4A53-B7AB-A22850E61C3B}.Win8 beta Debug|x64.Build.0 = Win8 beta Debug|x64
		{1584B5B0-3401-4A53-B7AB-A22850E61C3B}.Win8 beta Debug|x64.Deploy.0 = Win8 beta Debug|x64
		{1584B5B0-3401-4A53-B7AB-A22850E61C3B}.Win8 beta Debug|x86.ActiveCfg = Win8 beta Debug|Win32
		{1584B5B0-3401-4A53-B7AB-A22850E61C3B}.Win8 beta Debug|x86.Build.0 = Win8 beta Debug|Win32
		{1584B5B0-3401-4A53-B7AB-A22850E61C3B}.Win8 beta Release|Mixed Platforms.ActiveCfg = Win8 beta Release|Win32
		{1584B5B0-3401-4A53-B7AB-A22850E61C3B}.Win8 beta Release|Mixed Platforms.Build.0 = Win8 beta Release|Win32
		{1584B5B0-3401-4A53-B7AB-A22850E61C3B}.Win8 beta Release|Mixed Platforms.Deploy.0 = Win8 beta Release|Win32
		{1584B5B0-3401-4A53-B7AB-A22850E61C3B}.Win8 beta Release|Win32.ActiveCfg = Win8 beta Release|Win32
		{1584B5B0-3401-4A53-B7AB-A22850E61C3B}.Win8 beta Release|Win32.Build.0 = Win8 beta Release|Win32
		{1584B5B0-3401-4A53-B7AB-A22850E61C3B}.Win8 beta Release|x64.ActiveCfg = Win8 beta Release|x64
		{1584B5B0-3401-4A53-B7AB-A22850E61C3B}.Win8 beta Release|x64.Build.0 = Win8 beta Release|x64
		{1584B5B0-3401-4A53-B7AB-A22850E61C3B}.Win8 beta Release|x64.Deploy.0 = Win8 beta Release|x64
		{1584B5B0-3401-4A53-B7AB-A22850E61C3B}.Win8 beta Release|x86.ActiveCfg = Win8 beta Release|Win32
		{1584B5B0-3401-4A53-B7AB-A22850E61C3B}.Win8 beta Release|x86.Build.0 = Win8 beta Release|Win32
		{37572235-84AA-4759-9360-0B5808F9609C}.CD_ROM|Mixed Platforms.ActiveCfg = Win8 beta Release|Win32
		{37572235-84AA-4759-9360-0B5808F9609C}.CD_ROM|Mixed Platforms.Build.0 = Win8 beta Release|Win32
		{37572235-84AA-4759-9360-0B5808F9609C}.CD_ROM|Win32.ActiveCfg = Win8 beta Release|Win32
		{37572235-84AA-4759-9360-0B5808F9609C}.CD_ROM|Win32.Build.0 = Win8 beta Release|Win32
		{37572235-84AA-4759-9360-0B5808F9609C}.CD_ROM|x64.ActiveCfg = Win8 beta Release|x64
		{37572235-84AA-4759-9360-0B5808F9609C}.CD_ROM|x64.Build.0 = Win8 beta Release|x64
		{37572235-84AA-4759-9360-0B5808F9609C}.CD_ROM|x64.Deploy.0 = Win8 beta Release|x64
		{37572235-84AA-4759-9360-0B5808F9609C}.CD_ROM|x86.ActiveCfg = Win7 Debug|Win32
		{37572235-84AA-4759-9360-0B5808F9609C}.CD_ROM|x86.Build.0 = Win7 Debug|Win32
		{37572235-84AA-4759-9360-0B5808F9609C}.DVD-5|Mixed Platforms.ActiveCfg = Win8 beta Release|Win32
		{37572235-84AA-4759-9360-0B5808F9609C}.DVD-5|Mixed Platforms.Build.0 = Win8 beta Release|Win32
		{37572235-84AA-4759-9360-0B5808F9609C}.DVD-5|Win32.ActiveCfg = Win8 beta Release|Win32
		{37572235-84AA-4759-9360-0B5808F9609C}.DVD-5|Win32.Build.0 = Win8 beta Release|Win32
		{37572235-84AA-4759-9360-0B5808F9609C}.DVD-5|x64.ActiveCfg = Win8 beta Release|x64
		{37572235-84AA-4759-9360-0B5808F9609C}.DVD-5|x64.Build.0 = Win8 beta Release|x64
		{37572235-84AA-4759-9360-0B5808F9609C}.DVD-5|x64.Deploy.0 = Win8 beta Release|x64
		{37572235-84AA-4759-9360-0B5808F9609C}.DVD-5|x86.ActiveCfg = Win7 Debug|Win32
		{37572235-84AA-4759-9360-0B5808F9609C}.DVD-5|x86.Build.0 = Win7 Debug|Win32
		{37572235-84AA-4759-9360-0B5808F9609C}.Debug|Mixed Platforms.ActiveCfg = Win8 beta Debug|Win32
		{37572235-84AA-4759-9360-0B5808F9609C}.Debug|Mixed Platforms.Build.0 = Win8 beta Debug|Win32
		{37572235-84AA-4759-9360-0B5808F9609C}.Debug|Win32.ActiveCfg = Win8 beta Debug|Win32
		{37572235-84AA-4759-9360-0B5808F9609C}.Debug|Win32.Build.0 = Win8 beta Debug|Win32
		{37572235-84AA-4759-9360-0B5808F9609C}.Debug|x64.ActiveCfg = Vista Debug|x64
		{37572235-84AA-4759-9360-0B5808F9609C}.Debug|x64.Build.0 = Vista Debug|x64
		{37572235-84AA-4759-9360-0B5808F9609C}.Debug|x64.Deploy.0 = Vista Debug|x64
		{37572235-84AA-4759-9360-0B5808F9609C}.Debug|x86.ActiveCfg = Win7 Debug|Win32
		{37572235-84AA-4759-9360-0B5808F9609C}.Debug|x86.Build.0 = Win7 Debug|Win32
		{37572235-84AA-4759-9360-0B5808F9609C}.Release|Mixed Platforms.ActiveCfg = Win7 Release|Win32
		{37572235-84AA-4759-9360-0B5808F9609C}.Release|Mixed Platforms.Build.0 = Win7 Release|Win32
		{37572235-84AA-4759-9360-0B5808F9609C}.Release|Win32.ActiveCfg = Win7 Release|Win32
		{37572235-84AA-4759-9360-0B5808F9609C}.Release|Win32.Build.0 = Win7 Release|Win32
		{37572235-84AA-4759-9360-0B5808F9609C}.Release|x64.ActiveCfg = Win7 Release|x64
		{37572235-84AA-4759-9360-0B5808F9609C}.Release|x64.Build.0 = Win7 Release|x64
		{37572235-84AA-4759-9360-0B5808F9609C}.Release|x64.Deploy.0 = Win7 Release|x64
		{37572235-84AA-4759-9360-0B5808F9609C}.Release|x86.ActiveCfg = Vista Release|Win32
		{37572235-84AA-4759-9360-0B5808F9609C}.Release|x86.Build.0 = Vista Release|Win32
		{37572235-84AA-4759-9360-0B5808F9609C}.SingleImage|Mixed Platforms.ActiveCfg = Win8 beta Release|Win32
		{37572235-84AA-4759-9360-0B5808F9609C}.SingleImage|Mixed Platforms.Build.0 = Win8 beta Release|Win32
		{37572235-84AA-4759-9360-0B5808F9609C}.SingleImage|Win32.ActiveCfg = Win8 beta Release|Win32
		{37572235-84AA-4759-9360-0B5808F9609C}.SingleImage|Win32.Build.0 = Win8 beta Release|Win32
		{37572235-84AA-4759-9360-0B5808F9609C}.SingleImage|x64.ActiveCfg = Win8 beta Release|x64
		{37572235-84AA-4759-9360-0B5808F9609C}.SingleImage|x64.Build.0 = Win8 beta Release|x64
		{37572235-84AA-4759-9360-0B5808F9609C}.SingleImage|x64.Deploy.0 = Win8 beta Release|x64
		{37572235-84AA-4759-9360-0B5808F9609C}.SingleImage|x86.ActiveCfg = Win7 Debug|Win32
		{37572235-84AA-4759-9360-0B5808F9609C}.SingleImage|x86.Build.0 = Win7 Debug|Win32
		{37572235-84AA-4759-9360-0B5808F9609C}.Vista Debug|Mixed Platforms.ActiveCfg = Vista Debug|Win32
		{37572235-84AA-4759-9360-0B5808F9609C}.Vista Debug|Mixed Platforms.Build.0 = Vista Debug|Win32
		{37572235-84AA-4759-9360-0B5808F9609C}.Vista Debug|Win32.ActiveCfg = Vista Debug|Win32
		{37572235-84AA-4759-9360-0B5808F9609C}.Vista Debug|Win32.Build.0 = Vista Debug|Win32
		{37572235-84AA-4759-9360-0B5808F9609C}.Vista Debug|x64.ActiveCfg = Vista Debug|x64
		{37572235-84AA-4759-9360-0B5808F9609C}.Vista Debug|x64.Build.0 = Vista Debug|x64
		{37572235-84AA-4759-9360-0B5808F9609C}.Vista Debug|x64.Deploy.0 = Vista Debug|x64
		{37572235-84AA-4759-9360-0B5808F9609C}.Vista Debug|x86.ActiveCfg = Vista Debug|Win32
		{37572235-84AA-4759-9360-0B5808F9609C}.Vista Debug|x86.Build.0 = Vista Debug|Win32
		{37572235-84AA-4759-9360-0B5808F9609C}.Vista Release|Mixed Platforms.ActiveCfg = Vista Release|Win32
		{37572235-84AA-4759-9360-0B5808F9609C}.Vista Release|Mixed Platforms.Build.0 = Vista Release|Win32
		{37572235-84AA-4759-9360-0B5808F9609C}.Vista Release|Win32.ActiveCfg = Vista Release|Win32
		{37572235-84AA-4759-9360-0B5808F9609C}.Vista Release|Win32.Build.0 = Vista Release|Win32
		{37572235-84AA-4759-9360-0B5808F9609C}.Vista Release|x64.ActiveCfg = Vista Release|x64
		{37572235-84AA-4759-9360-0B5808F9609C}.Vista Release|x64.Build.0 = Vista Release|x64
		{37572235-84AA-4759-9360-0B5808F9609C}.Vista Release|x64.Deploy.0 = Vista Release|x64
		{37572235-84AA-4759-9360-0B5808F9609C}.Vista Release|x86.ActiveCfg = Vista Release|Win32
		{37572235-84AA-4759-9360-0B5808F9609C}.Vista Release|x86.Build.0 = Vista Release|Win32
		{37572235-84AA-4759-9360-0B5808F9609C}.Win7 Debug|Mixed Platforms.ActiveCfg = Win7 Debug|Win32
		{37572235-84AA-4759-9360-0B5808F9609C}.Win7 Debug|Mixed Platforms.Build.0 = Win7 Debug|Win32
		{37572235-84AA-4759-9360-0B5808F9609C}.Win7 Debug|Win32.ActiveCfg = Win7 Debug|Win32
		{37572235-84AA-4759-9360-0B5808F9609C}.Win7 Debug|Win32.Build.0 = Win7 Debug|Win32
		{37572235-84AA-4759-9360-0B5808F9609C}.Win7 Debug|x64.ActiveCfg = Win7 Debug|x64
		{37572235-84AA-4759-9360-0B5808F9609C}.Win7 Debug|x64.Build.0 = Win7 Debug|x64
		{37572235-84AA-4759-9360-0B5808F9609C}.Win7 Debug|x64.Deploy.0 = Win7 Debug|x64
		{37572235-84AA-4759-9360-0B5808F9609C}.Win7 Debug|x86.ActiveCfg = Win7 Debug|Win32
		{37572235-84AA-4759-9360-0B5808F9609C}.Win7 Debug|x86.Build.0 = Win7 Debug|Win32
		{37572235-84AA-4759-9360-0B5808F9609C}.Win7 Release|Mixed Platforms.ActiveCfg = Win7 Release|Win32
		{37572235-84AA-4759-9360-0B5808F9609C}.Win7 Release|Mixed Platforms.Build.0 = Win7 Release|Win32
		{37572235-84AA-4759-9360-0B5808F9609C}.Win7 Release|Win32.ActiveCfg = Win7 Release|Win32
		{37572235-84AA-4759-9360-0B5808F9609C}.Win7 Release|Win32.Build.0 = Win7 Release|Win32
		{37572235-84AA-4759-9360-0B5808F9609C}.Win7 Release|x64.ActiveCfg = Win7 Release|x64
		{37572235-84AA-4759-9360-0B5808F9609C}.Win7 Release|x64.Build.0 = Win7 Release|x64
		{37572235-84AA-4759-9360-0B5808F9609C}.Win7 Release|x64.Deploy.0 = Win7 Release|x64
		{37572235-84AA-4759-9360-0B5808F9609C}.Win7 Release|x86.ActiveCfg = Win7 Release|Win32
		{37572235-84AA-4759-9360-0B5808F9609C}.Win7 Release|x86.Build.0 = Win7 Release|Win32
		{37572235-84AA-4759-9360-0B5808F9609C}.Win8 beta Debug|Mixed Platforms.ActiveCfg = Win8 beta Debug|Win32
		{37572235-84AA-4759-9360-0B5808F9609C}.Win8 beta Debug|Mixed Platforms.Build.0 = Win8 beta Debug|Win32
		{37572235-84AA-4759-9360-0B5808F9609C}.Win8 beta Debug|Win32.ActiveCfg = Win8 beta Debug|Win32
		{37572235-84AA-4759-9360-0B5808F9609C}.Win8 beta Debug|Win32.Build.0 = Win8 beta Debug|Win32
		{37572235-84AA-4759-9360-0B5808F9609C}.Win8 beta Debug|x64.ActiveCfg = Win8 beta Debug|x64
		{37572235-84AA-4759-9360-0B5808F9609C}.Win8 beta Debug|x64.Build.0 = Win8 beta Debug|x64
		{37572235-84AA-4759-9360-0B5808F9609C}.Win8 beta Debug|x64.Deploy.0 = Win8 beta Debug|x64
		{37572235-84AA-4759-9360-0B5808F9609C}.Win8 beta Debug|x86.ActiveCfg = Win8 beta Debug|Win32
		{37572235-84AA-4759-9360-0B5808F9609C}.Win8 beta Debug|x86.Build.0 = Win8 beta Debug|Win32
		{37572235-84AA-4759-9360-0B5808F9609C}.Win8 beta Release|Mixed Platforms.ActiveCfg = Win8 beta Release|Win32
		{37572235-84AA-4759-9360-0B5808F9609C}.Win8 beta Release|Mixed Platforms.Build.0 = Win8 beta Release|Win32
		{37572235-84AA-4759-9360-0B5808F9609C}.Win8 beta Release|Win32.ActiveCfg = Win8 beta Release|Win32
		{37572235-84AA-4759-9360-0B5808F9609C}.Win8 beta Release|Win32.Build.0 = Win8 beta Release|Win32
		{37572235-84AA-4759-9360-0B5808F9609C}.Win8 beta Release|x64.ActiveCfg = Win8 beta Release|x64
		{37572235-84AA-4759-9360-0B5808F9609C}.Win8 beta Release|x64.Build.0 = Win8 beta Release|x64
		{37572235-84AA-4759-9360-0B5808F9609C}.Win8 beta Release|x64.Deploy.0 = Win8 beta Release|x64
		{37572235-84AA-4759-9360-0B5808F9609C}.Win8 beta Release|x86.ActiveCfg = Win8 beta Release|Win32
		{37572235-84AA-4759-9360-0B5808F9609C}.Win8 beta Release|x86.Build.0 = Win8 beta Release|Win32
		{441EBCAE-4030-4330-9B1A-13FB39929776}.CD_ROM|Mixed Platforms.ActiveCfg = Win8 beta Release|Win32
		{441EBCAE-4030-4330-9B1A-13FB39929776}.CD_ROM|Mixed Platforms.Build.0 = Win8 beta Release|Win32
		{441EBCAE-4030-4330-9B1A-13FB39929776}.CD_ROM|Win32.ActiveCfg = Win8 beta Release|Win32
		{441EBCAE-4030-4330-9B1A-13FB39929776}.CD_ROM|Win32.Build.0 = Win8 beta Release|Win32
		{441EBCAE-4030-4330-9B1A-13FB39929776}.CD_ROM|x64.ActiveCfg = Win8 beta Release|x64
		{441EBCAE-4030-4330-9B1A-13FB39929776}.CD_ROM|x64.Build.0 = Win8 beta Release|x64
		{441EBCAE-4030-4330-9B1A-13FB39929776}.CD_ROM|x64.Deploy.0 = Win8 beta Release|x64
		{441EBCAE-4030-4330-9B1A-13FB39929776}.CD_ROM|x86.ActiveCfg = Win7 Debug|Win32
		{441EBCAE-4030-4330-9B1A-13FB39929776}.CD_ROM|x86.Build.0 = Win7 Debug|Win32
		{441EBCAE-4030-4330-9B1A-13FB39929776}.DVD-5|Mixed Platforms.ActiveCfg = Win8 beta Release|Win32
		{441EBCAE-4030-4330-9B1A-13FB39929776}.DVD-5|Mixed Platforms.Build.0 = Win8 beta Release|Win32
		{441EBCAE-4030-4330-9B1A-13FB39929776}.DVD-5|Win32.ActiveCfg = Win8 beta Release|Win32
		{441EBCAE-4030-4330-9B1A-13FB39929776}.DVD-5|Win32.Build.0 = Win8 beta Release|Win32
		{441EBCAE-4030-4330-9B1A-13FB39929776}.DVD-5|x64.ActiveCfg = Win8 beta Release|x64
		{441EBCAE-4030-4330-9B1A-13FB39929776}.DVD-5|x64.Build.0 = Win8 beta Release|x64
		{441EBCAE-4030-4330-9B1A-13FB39929776}.DVD-5|x64.Deploy.0 = Win8 beta Release|x64
		{441EBCAE-4030-4330-9B1A-13FB39929776}.DVD-5|x86.ActiveCfg = Win7 Debug|Win32
		{441EBCAE-4030-4330-9B1A-13FB39929776}.DVD-5|x86.Build.0 = Win7 Debug|Win32
		{441EBCAE-4030-4330-9B1A-13FB39929776}.Debug|Mixed Platforms.ActiveCfg = Win8 beta Debug|Win32
		{441EBCAE-4030-4330-9B1A-13FB39929776}.Debug|Mixed Platforms.Build.0 = Win8 beta Debug|Win32
		{441EBCAE-4030-4330-9B1A-13FB39929776}.Debug|Mixed Platforms.Deploy.0 = Win8 beta Debug|Win32
		{441EBCAE-4030-4330-9B1A-13FB39929776}.Debug|Win32.ActiveCfg = Win8 beta Debug|Win32
		{441EBCAE-4030-4330-9B1A-13FB39929776}.Debug|Win32.Build.0 = Win8 beta Debug|Win32
		{441EBCAE-4030-4330-9B1A-13FB39929776}.Debug|Win32.Deploy.0 = Win8 beta Debug|Win32
		{441EBCAE-4030-4330-9B1A-13FB39929776}.Debug|x64.ActiveCfg = Vista Debug|x64
		{441EBCAE-4030-4330-9B1A-13FB39929776}.Debug|x64.Build.0 = Vista Debug|x64
		{441EBCAE-4030-4330-9B1A-13FB39929776}.Debug|x64.Deploy.0 = Vista Debug|x64
		{441EBCAE-4030-4330-9B1A-13FB39929776}.Debug|x86.ActiveCfg = Win7 Debug|Win32
		{441EBCAE-4030-4330-9B1A-13FB39929776}.Debug|x86.Build.0 = Win7 Debug|Win32
		{441EBCAE-4030-4330-9B1A-13FB39929776}.Release|Mixed Platforms.ActiveCfg = Win7 Release|Win32
		{441EBCAE-4030-4330-9B1A-13FB39929776}.Release|Mixed Platforms.Build.0 = Win7 Release|Win32
		{441EBCAE-4030-4330-9B1A-13FB39929776}.Release|Mixed Platforms.Deploy.0 = Win7 Release|Win32
		{441EBCAE-4030-4330-9B1A-13FB39929776}.Release|Win32.ActiveCfg = Win7 Release|Win32
		{441EBCAE-4030-4330-9B1A-13FB39929776}.Release|Win32.Build.0 = Win7 Release|Win32
		{441EBCAE-4030-4330-9B1A-13FB39929776}.Release|Win32.Deploy.0 = Win7 Release|Win32
		{441EBCAE-4030-4330-9B1A-13FB39929776}.Release|x64.ActiveCfg = Win7 Release|x64
		{441EBCAE-4030-4330-9B1A-13FB39929776}.Release|x64.Build.0 = Win7 Release|x64
		{441EBCAE-4030-4330-9B1A-13FB39929776}.Release|x64.Deploy.0 = Win7 Release|x64
		{441EBCAE-4030-4330-9B1A-13FB39929776}.Release|x86.ActiveCfg = Vista Release|Win32
		{441EBCAE-4030-4330-9B1A-13FB39929776}.Release|x86.Build.0 = Vista Release|Win32
		{441EBCAE-4030-4330-9B1A-13FB39929776}.SingleImage|Mixed Platforms.ActiveCfg = Win8 beta Release|Win32
		{441EBCAE-4030-4330-9B1A-13FB39929776}.SingleImage|Mixed Platforms.Build.0 = Win8 beta Release|Win32
		{441EBCAE-4030-4330-9B1A-13FB39929776}.SingleImage|Win32.ActiveCfg = Win8 beta Release|Win32
		{441EBCAE-4030-4330-9B1A-13FB39929776}.SingleImage|Win32.Build.0 = Win8 beta Release|Win32
		{441EBCAE-4030-4330-9B1A-13FB39929776}.SingleImage|x64.ActiveCfg = Win8 beta Release|x64
		{441EBCAE-4030-4330-9B1A-13FB39929776}.SingleImage|x64.Build.0 = Win8 beta Release|x64
		{441EBCAE-4030-4330-9B1A-13FB39929776}.SingleImage|x64.Deploy.0 = Win8 beta Release|x64
		{441EBCAE-4030-4330-9B1A-13FB39929776}.SingleImage|x86.ActiveCfg = Win7 Debug|Win32
		{441EBCAE-4030-4330-9B1A-13FB39929776}.SingleImage|x86.Build.0 = Win7 Debug|Win32
		{441EBCAE-4030-4330-9B1A-13FB39929776}.Vista Debug|Mixed Platforms.ActiveCfg = Vista Debug|Win32
		{441EBCAE-4030-4330-9B1A-13FB39929776}.Vista Debug|Mixed Platforms.Build.0 = Vista Debug|Win32
		{441EBCAE-4030-4330-9B1A-13FB39929776}.Vista Debug|Mixed Platforms.Deploy.0 = Vista Debug|Win32
		{441EBCAE-4030-4330-9B1A-13FB39929776}.Vista Debug|Win32.ActiveCfg = Vista Debug|Win32
		{441EBCAE-4030-4330-9B1A-13FB39929776}.Vista Debug|Win32.Build.0 = Vista Debug|Win32
		{441EBCAE-4030-4330-9B1A-13FB39929776}.Vista Debug|Win32.Deploy.0 = Vista Debug|Win32
		{441EBCAE-4030-4330-9B1A-13FB39929776}.Vista Debug|x64.ActiveCfg = Vista Debug|x64
		{441EBCAE-4030-4330-9B1A-13FB39929776}.Vista Debug|x64.Build.0 = Vista Debug|x64
		{441EBCAE-4030-4330-9B1A-13FB39929776}.Vista Debug|x64.Deploy.0 = Vista Debug|x64
		{441EBCAE-4030-4330-9B1A-13FB39929776}.Vista Debug|x86.ActiveCfg = Vista Debug|Win32
		{441EBCAE-4030-4330-9B1A-13FB39929776}.Vista Debug|x86.Build.0 = Vista Debug|Win32
		{441EBCAE-4030-4330-9B1A-13FB39929776}.Vista Release|Mixed Platforms.ActiveCfg = Vista Release|Win32
		{441EBCAE-4030-4330-9B1A-13FB39929776}.Vista Release|Mixed Platforms.Build.0 = Vista Release|Win32
		{441EBCAE-4030-4330-9B1A-13FB39929776}.Vista Release|Mixed Platforms.Deploy.0 = Vista Release|Win32
		{441EBCAE-4030-4330-9B1A-13FB39929776}.Vista Release|Win32.ActiveCfg = Vista Release|Win32
		{441EBCAE-4030-4330-9B1A-13FB39929776}.Vista Release|Win32.Build.0 = Vista Release|Win32
		{441EBCAE-4030-4330-9B1A-13FB39929776}.Vista Release|Win32.Deploy.0 = Vista Release|Win32
		{441EBCAE-4030-4330-9B1A-13FB39929776}.Vista Release|x64.ActiveCfg = Vista Release|x64
		{441EBCAE-4030-4330-9B1A-13FB39929776}.Vista Release|x64.Build.0 = Vista Release|x64
		{441EBCAE-4030-4330-9B1A-13FB39929776}.Vista Release|x64.Deploy.0 = Vista Release|x64
		{441EBCAE-4030-4330-9B1A-13FB39929776}.Vista Release|x86.ActiveCfg = Vista Release|Win32
		{441EBCAE-4030-4330-9B1A-13FB39929776}.Vista Release|x86.Build.0 = Vista Release|Win32
		{441EBCAE-4030-4330-9B1A-13FB39929776}.Win7 Debug|Mixed Platforms.ActiveCfg = Win7 Debug|Win32
		{441EBCAE-4030-4330-9B1A-13FB39929776}.Win7 Debug|Mixed Platforms.Build.0 = Win7 Debug|Win32
		{441EBCAE-4030-4330-9B1A-13FB39929776}.Win7 Debug|Mixed Platforms.Deploy.0 = Win7 Debug|Win32
		{441EBCAE-4030-4330-9B1A-13FB39929776}.Win7 Debug|Win32.ActiveCfg = Win7 Debug|Win32
		{441EBCAE-4030-4330-9B1A-13FB39929776}.Win7 Debug|Win32.Build.0 = Win7 Debug|Win32
		{441EBCAE-4030-4330-9B1A-13FB39929776}.Win7 Debug|Win32.Deploy.0 = Win7 Debug|Win32
		{441EBCAE-4030-4330-9B1A-13FB39929776}.Win7 Debug|x64.ActiveCfg = Win7 Debug|x64
		{441EBCAE-4030-4330-9B1A-13FB39929776}.Win7 Debug|x64.Build.0 = Win7 Debug|x64
		{441EBCAE-4030-4330-9B1A-13FB39929776}.Win7 Debug|x64.Deploy.0 = Win7 Debug|x64
		{441EBCAE-4030-4330-9B1A-13FB39929776}.Win7 Debug|x86.ActiveCfg = Win7 Debug|Win32
		{441EBCAE-4030-4330-9B1A-13FB39929776}.Win7 Debug|x86.Build.0 = Win7 Debug|Win32
		{441EBCAE-4030-4330-9B1A-13FB39929776}.Win7 Release|Mixed Platforms.ActiveCfg = Win7 Release|Win32
		{441EBCAE-4030-4330-9B1A-13FB39929776}.Win7 Release|Mixed Platforms.Build.0 = Win7 Release|Win32
		{441EBCAE-4030-4330-9B1A-13FB39929776}.Win7 Release|Mixed Platforms.Deploy.0 = Win7 Release|Win32
		{441EBCAE-4030-4330-9B1A-13FB39929776}.Win7 Release|Win32.ActiveCfg = Win7 Release|Win32
		{441EBCAE-4030-4330-9B1A-13FB39929776}.Win7 Release|Win32.Build.0 = Win7 Release|Win32
		{441EBCAE-4030-4330-9B1A-13FB39929776}.Win7 Release|Win32.Deploy.0 = Win7 Release|Win32
		{441EBCAE-4030-4330-9B1A-13FB39929776}.Win7 Release|x64.ActiveCfg = Win7 Release|x64
		{441EBCAE-4030-4330-9B1A-13FB39929776}.Win7 Release|x64.Build.0 = Win7 Release|x64
		{441EBCAE-4030-4330-9B1A-13FB39929776}.Win7 Release|x64.Deploy.0 = Win7 Release|x64
		{441EBCAE-4030-4330-9B1A-13FB39929776}.Win7 Release|x86.ActiveCfg = Win7 Release|Win32
		{441EBCAE-4030-4330-9B1A-13FB39929776}.Win7 Release|x86.Build.0 = Win7 Release|Win32
		{441EBCAE-4030-4330-9B1A-13FB39929776}.Win8 beta Debug|Mixed Platforms.ActiveCfg = Win8 beta Debug|Win32
		{441EBCAE-4030-4330-9B1A-13FB39929776}.Win8 beta Debug|Mixed Platforms.Build.0 = Win8 beta Debug|Win32
		{441EBCAE-4030-4330-9B1A-13FB39929776}.Win8 beta Debug|Mixed Platforms.Deploy.0 = Win8 beta Debug|Win32
		{441EBCAE-4030-4330-9B1A-13FB39929776}.Win8 beta Debug|Win32.ActiveCfg = Win8 beta Debug|Win32
		{441EBCAE-4030-4330-9B1A-13FB39929776}.Win8 beta Debug|Win32.Build.0 = Win8 beta Debug|Win32
		{441EBCAE-4030-4330-9B1A-13FB39929776}.Win8 beta Debug|Win32.Deploy.0 = Win8 beta Debug|Win32
		{441EBCAE-4030-4330-9B1A-13FB39929776}.Win8 beta Debug|x64.ActiveCfg = Win8 beta Debug|x64
		{441EBCAE-4030-4330-9B1A-13FB39929776}.Win8 beta Debug|x64.Build.0 = Win8 beta Debug|x64
		{441EBCAE-4030-4330-9B1A-13FB39929776}.Win8 beta Debug|x64.Deploy.0 = Win8 beta Debug|x64
		{441EBCAE-4030-4330-9B1A-13FB39929776}.Win8 beta Debug|x86.ActiveCfg = Win8 beta Debug|Win32
		{441EBCAE-4030-4330-9B1A-13FB39929776}.Win8 beta Debug|x86.Build.0 = Win8 beta Debug|Win32
		{441EBCAE-4030-4330-9B1A-13FB39929776}.Win8 beta Release|Mixed Platforms.ActiveCfg = Win8 beta Release|Win32
		{441EBCAE-4030-4330-9B1A-13FB39929776}.Win8 beta Release|Mixed Platforms.Build.0 = Win8 beta Release|Win32
		{441EBCAE-4030-4330-9B1A-13FB39929776}.Win8 beta Release|Mixed Platforms.Deploy.0 = Win8 beta Release|Win32
		{441EBCAE-4030-4330-9B1A-13FB39929776}.Win8 beta Release|Win32.ActiveCfg = Win8 beta Release|Win32
		{441EBCAE-4030-4330-9B1A-13FB39929776}.Win8 beta Release|Win32.Build.0 = Win8 beta Release|Win32
		{441EBCAE-4030-4330-9B1A-13FB39929776}.Win8 beta Release|Win32.Deploy.0 = Win8 beta Release|Win32
		{441EBCAE-4030-4330-9B1A-13FB39929776}.Win8 beta Release|x64.ActiveCfg = Win8 beta Release|x64
		{441EBCAE-4030-4330-9B1A-13FB39929776}.Win8 beta Release|x64.Build.0 = Win8 beta Release|x64
		{441EBCAE-4030-4330-9B1A-13FB39929776}.Win8 beta Release|x64.Deploy.0 = Win8 beta Release|x64
		{441EBCAE-4030-4330-9B1A-13FB39929776}.Win8 beta Release|x86.ActiveCfg = Win8 beta Release|Win32
		{441EBCAE-4030-4330-9B1A-13FB39929776}.Win8 beta Release|x86.Build.0 = Win8 beta Release|Win32
		{4E5B405A-4B5D-467B-9B51-7A2D641FA147}.CD_ROM|Mixed Platforms.ActiveCfg = Win8 beta Release|Win32
		{4E5B405A-4B5D-467B-9B51-7A2D641FA147}.CD_ROM|Mixed Platforms.Build.0 = Win8 beta Release|Win32
		{4E5B405A-4B5D-467B-9B51-7A2D641FA147}.CD_ROM|Win32.ActiveCfg = Win8 beta Release|Win32
		{4E5B405A-4B5D-467B-9B51-7A2D641FA147}.CD_ROM|Win32.Build.0 = Win8 beta Release|Win32
		{4E5B405A-4B5D-467B-9B51-7A2D641FA147}.CD_ROM|x64.ActiveCfg = Win8 beta Release|x64
		{4E5B405A-4B5D-467B-9B51-7A2D641FA147}.CD_ROM|x64.Build.0 = Win8 beta Release|x64
		{4E5B405A-4B5D-467B-9B51-7A2D641FA147}.CD_ROM|x64.Deploy.0 = Win8 beta Release|x64
		{4E5B405A-4B5D-467B-9B51-7A2D641FA147}.CD_ROM|x86.ActiveCfg = Win7 Debug|Win32
		{4E5B405A-4B5D-467B-9B51-7A2D641FA147}.CD_ROM|x86.Build.0 = Win7 Debug|Win32
		{4E5B405A-4B5D-467B-9B51-7A2D641FA147}.DVD-5|Mixed Platforms.ActiveCfg = Win8 beta Release|Win32
		{4E5B405A-4B5D-467B-9B51-7A2D641FA147}.DVD-5|Mixed Platforms.Build.0 = Win8 beta Release|Win32
		{4E5B405A-4B5D-467B-9B51-7A2D641FA147}.DVD-5|Win32.ActiveCfg = Win8 beta Release|Win32
		{4E5B405A-4B5D-467B-9B51-7A2D641FA147}.DVD-5|Win32.Build.0 = Win8 beta Release|Win32
		{4E5B405A-4B5D-467B-9B51-7A2D641FA147}.DVD-5|x64.ActiveCfg = Win8 beta Release|x64
		{4E5B405A-4B5D-467B-9B51-7A2D641FA147}.DVD-5|x64.Build.0 = Win8 beta Release|x64
		{4E5B405A-4B5D-467B-9B51-7A2D641FA147}.DVD-5|x64.Deploy.0 = Win8 beta Release|x64
		{4E5B405A-4B5D-467B-9B51-7A2D641FA147}.DVD-5|x86.ActiveCfg = Win7 Debug|Win32
		{4E5B405A-4B5D-467B-9B51-7A2D641FA147}.DVD-5|x86.Build.0 = Win7 Debug|Win32
		{4E5B405A-4B5D-467B-9B51-7A2D641FA147}.Debug|Mixed Platforms.ActiveCfg = Win8 beta Debug|Win32
		{4E5B405A-4B5D-467B-9B51-7A2D641FA147}.Debug|Mixed Platforms.Build.0 = Win8 beta Debug|Win32
		{4E5B405A-4B5D-467B-9B51-7A2D641FA147}.Debug|Win32.ActiveCfg = Win8 beta Debug|Win32
		{4E5B405A-4B5D-467B-9B51-7A2D641FA147}.Debug|Win32.Build.0 = Win8 beta Debug|Win32
		{4E5B405A-4B5D-467B-9B51-7A2D641FA147}.Debug|x64.ActiveCfg = Vista Debug|x64
		{4E5B405A-4B5D-467B-9B51-7A2D641FA147}.Debug|x64.Build.0 = Vista Debug|x64
		{4E5B405A-4B5D-467B-9B51-7A2D641FA147}.Debug|x64.Deploy.0 = Vista Debug|x64
		{4E5B405A-4B5D-467B-9B51-7A2D641FA147}.Debug|x86.ActiveCfg = Win7 Debug|Win32
		{4E5B405A-4B5D-467B-9B51-7A2D641FA147}.Debug|x86.Build.0 = Win7 Debug|Win32
		{4E5B405A-4B5D-467B-9B51-7A2D641FA147}.Release|Mixed Platforms.ActiveCfg = Win7 Release|Win32
		{4E5B405A-4B5D-467B-9B51-7A2D641FA147}.Release|Mixed Platforms.Build.0 = Win7 Release|Win32
		{4E5B405A-4B5D-467B-9B51-7A2D641FA147}.Release|Win32.ActiveCfg = Win7 Release|Win32
		{4E5B405A-4B5D-467B-9B51-7A2D641FA147}.Release|Win32.Build.0 = Win7 Release|Win32
		{4E5B405A-4B5D-467B-9B51-7A2D641FA147}.Release|x64.ActiveCfg = Win7 Release|x64
		{4E5B405A-4B5D-467B-9B51-7A2D641FA147}.Release|x64.Build.0 = Win7 Release|x64
		{4E5B405A-4B5D-467B-9B51-7A2D641FA147}.Release|x64.Deploy.0 = Win7 Release|x64
		{4E5B405A-4B5D-467B-9B51-7A2D641FA147}.Release|x86.ActiveCfg = Vista Release|Win32
		{4E5B405A-4B5D-467B-9B51-7A2D641FA147}.Release|x86.Build.0 = Vista Release|Win32
		{4E5B405A-4B5D-467B-9B51-7A2D641FA147}.SingleImage|Mixed Platforms.ActiveCfg = Win8 beta Release|Win32
		{4E5B405A-4B5D-467B-9B51-7A2D641FA147}.SingleImage|Mixed Platforms.Build.0 = Win8 beta Release|Win32
		{4E5B405A-4B5D-467B-9B51-7A2D641FA147}.SingleImage|Win32.ActiveCfg = Win8 beta Release|Win32
		{4E5B405A-4B5D-467B-9B51-7A2D641FA147}.SingleImage|Win32.Build.0 = Win8 beta Release|Win32
		{4E5B405A-4B5D-467B-9B51-7A2D641FA147}.SingleImage|x64.ActiveCfg = Win8 beta Release|x64
		{4E5B405A-4B5D-467B-9B51-7A2D641FA147}.SingleImage|x64.Build.0 = Win8 beta Release|x64
		{4E5B405A-4B5D-467B-9B51-7A2D641FA147}.SingleImage|x64.Deploy.0 = Win8 beta Release|x64
		{4E5B405A-4B5D-467B-9B51-7A2D641FA147}.SingleImage|x86.ActiveCfg = Win7 Debug|Win32
		{4E5B405A-4B5D-467B-9B51-7A2D641FA147}.SingleImage|x86.Build.0 = Win7 Debug|Win32
		{4E5B405A-4B5D-467B-9B51-7A2D641FA147}.Vista Debug|Mixed Platforms.ActiveCfg = Vista Debug|Win32
		{4E5B405A-4B5D-467B-9B51-7A2D641FA147}.Vista Debug|Mixed Platforms.Build.0 = Vista Debug|Win32
		{4E5B405A-4B5D-467B-9B51-7A2D641FA147}.Vista Debug|Win32.ActiveCfg = Vista Debug|Win32
		{4E5B405A-4B5D-467B-9B51-7A2D641FA147}.Vista Debug|Win32.Build.0 = Vista Debug|Win32
		{4E5B405A-4B5D-467B-9B51-7A2D641FA147}.Vista Debug|x64.ActiveCfg = Vista Debug|x64
		{4E5B405A-4B5D-467B-9B51-7A2D641FA147}.Vista Debug|x64.Build.0 = Vista Debug|x64
		{4E5B405A-4B5D-467B-9B51-7A2D641FA147}.Vista Debug|x64.Deploy.0 = Vista Debug|x64
		{4E5B405A-4B5D-467B-9B51-7A2D641FA147}.Vista Debug|x86.ActiveCfg = Vista Debug|Win32
		{4E5B405A-4B5D-467B-9B51-7A2D641FA147}.Vista Debug|x86.Build.0 = Vista Debug|Win32
		{4E5B405A-4B5D-467B-9B51-7A2D641FA147}.Vista Release|Mixed Platforms.ActiveCfg = Vista Release|Win32
		{4E5B405A-4B5D-467B-9B51-7A2D641FA147}.Vista Release|Mixed Platforms.Build.0 = Vista Release|Win32
		{4E5B405A-4B5D-467B-9B51-7A2D641FA147}.Vista Release|Win32.ActiveCfg = Vista Release|Win32
		{4E5B405A-4B5D-467B-9B51-7A2D641FA147}.Vista Release|Win32.Build.0 = Vista Release|Win32
		{4E5B405A-4B5D-467B-9B51-7A2D641FA147}.Vista Release|x64.ActiveCfg = Vista Release|x64
		{4E5B405A-4B5D-467B-9B51-7A2D641FA147}.Vista Release|x64.Build.0 = Vista Release|x64
		{4E5B405A-4B5D-467B-9B51-7A2D641FA147}.Vista Release|x64.Deploy.0 = Vista Release|x64
		{4E5B405A-4B5D-467B-9B51-7A2D641FA147}.Vista Release|x86.ActiveCfg = Vista Release|Win32
		{4E5B405A-4B5D-467B-9B51-7A2D641FA147}.Vista Release|x86.Build.0 = Vista Release|Win32
		{4E5B405A-4B5D-467B-9B51-7A2D641FA147}.Win7 Debug|Mixed Platforms.ActiveCfg = Win7 Debug|Win32
		{4E5B405A-4B5D-467B-9B51-7A2D641FA147}.Win7 Debug|Mixed Platforms.Build.0 = Win7 Debug|Win32
		{4E5B405A-4B5D-467B-9B51-7A2D641FA147}.Win7 Debug|Win32.ActiveCfg = Win7 Debug|Win32
		{4E5B405A-4B5D-467B-9B51-7A2D641FA147}.Win7 Debug|Win32.Build.0 = Win7 Debug|Win32
		{4E5B405A-4B5D-467B-9B51-7A2D641FA147}.Win7 Debug|x64.ActiveCfg = Win7 Debug|x64
		{4E5B405A-4B5D-467B-9B51-7A2D641FA147}.Win7 Debug|x64.Build.0 = Win7 Debug|x64
		{4E5B405A-4B5D-467B-9B51-7A2D641FA147}.Win7 Debug|x64.Deploy.0 = Win7 Debug|x64
		{4E5B405A-4B5D-467B-9B51-7A2D641FA147}.Win7 Debug|x86.ActiveCfg = Win7 Debug|Win32
		{4E5B405A-4B5D-467B-9B51-7A2D641FA147}.Win7 Debug|x86.Build.0 = Win7 Debug|Win32
		{4E5B405A-4B5D-467B-9B51-7A2D641FA147}.Win7 Release|Mixed Platforms.ActiveCfg = Win7 Release|Win32
		{4E5B405A-4B5D-467B-9B51-7A2D641FA147}.Win7 Release|Mixed Platforms.Build.0 = Win7 Release|Win32
		{4E5B405A-4B5D-467B-9B51-7A2D641FA147}.Win7 Release|Win32.ActiveCfg = Win7 Release|Win32
		{4E5B405A-4B5D-467B-9B51-7A2D641FA147}.Win7 Release|Win32.Build.0 = Win7 Release|Win32
		{4E5B405A-4B5D-467B-9B51-7A2D641FA147}.Win7 Release|x64.ActiveCfg = Win7 Release|x64
		{4E5B405A-4B5D-467B-9B51-7A2D641FA147}.Win7 Release|x64.Build.0 = Win7 Release|x64
		{4E5B405A-4B5D-467B-9B51-7A2D641FA147}.Win7 Release|x64.Deploy.0 = Win7 Release|x64
		{4E5B405A-4B5D-467B-9B51-7A2D641FA147}.Win7 Release|x86.ActiveCfg = Win7 Release|Win32
		{4E5B405A-4B5D-467B-9B51-7A2D641FA147}.Win7 Release|x86.Build.0 = Win7 Release|Win32
		{4E5B405A-4B5D-467B-9B51-7A2D641FA147}.Win8 beta Debug|Mixed Platforms.ActiveCfg = Win8 beta Debug|Win32
		{4E5B405A-4B5D-467B-9B51-7A2D641FA147}.Win8 beta Debug|Mixed Platforms.Build.0 = Win8 beta Debug|Win32
		{4E5B405A-4B5D-467B-9B51-7A2D641FA147}.Win8 beta Debug|Win32.ActiveCfg = Win8 beta Debug|Win32
		{4E5B405A-4B5D-467B-9B51-7A2D641FA147}.Win8 beta Debug|Win32.Build.0 = Win8 beta Debug|Win32
		{4E5B405A-4B5D-467B-9B51-7A2D641FA147}.Win8 beta Debug|x64.ActiveCfg = Win8 beta Debug|x64
		{4E5B405A-4B5D-467B-9B51-7A2D641FA147}.Win8 beta Debug|x64.Build.0 = Win8 beta Debug|x64
		{4E5B405A-4B5D-467B-9B51-7A2D641FA147}.Win8 beta Debug|x64.Deploy.0 = Win8 beta Debug|x64
		{4E5B405A-4B5D-467B-9B51-7A2D641FA147}.Win8 beta Debug|x86.ActiveCfg = Win8 beta Debug|Win32
		{4E5B405A-4B5D-467B-9B51-7A2D641FA147}.Win8 beta Debug|x86.Build.0 = Win8 beta Debug|Win32
		{4E5B405A-4B5D-467B-9B51-7A2D641FA147}.Win8 beta Release|Mixed Platforms.ActiveCfg = Win8 beta Release|Win32
		{4E5B405A-4B5D-467B-9B51-7A2D641FA147}.Win8 beta Release|Mixed Platforms.Build.0 = Win8 beta Release|Win32
		{4E5B405A-4B5D-467B-9B51-7A2D641FA147}.Win8 beta Release|Win32.ActiveCfg = Win8 beta Release|Win32
		{4E5B405A-4B5D-467B-9B51-7A2D641FA147}.Win8 beta Release|Win32.Build.0 = Win8 beta Release|Win32
		{4E5B405A-4B5D-467B-9B51-7A2D641FA147}.Win8 beta Release|x64.ActiveCfg = Win8 beta Release|x64
		{4E5B405A-4B5D-467B-9B51-7A2D641FA147}.Win8 beta Release|x64.Build.0 = Win8 beta Release|x64
		{4E5B405A-4B5D-467B-9B51-7A2D641FA147}.Win8 beta Release|x64.Deploy.0 = Win8 beta Release|x64
		{4E5B405A-4B5D-467B-9B51-7A2D641FA147}.Win8 beta Release|x86.ActiveCfg = Win8 beta Release|Win32
		{4E5B405A-4B5D-467B-9B51-7A2D641FA147}.Win8 beta Release|x86.Build.0 = Win8 beta Release|Win32
		{5E1A5E76-AEC9-4633-BB57-DEF7DE4EFA7D}.CD_ROM|Mixed Platforms.ActiveCfg = Win7 Release|Win32
		{5E1A5E76-AEC9-4633-BB57-DEF7DE4EFA7D}.CD_ROM|Mixed Platforms.Build.0 = Win7 Release|Win32
		{5E1A5E76-AEC9-4633-BB57-DEF7DE4EFA7D}.CD_ROM|Win32.ActiveCfg = Win7 Release|Win32
		{5E1A5E76-AEC9-4633-BB57-DEF7DE4EFA7D}.CD_ROM|Win32.Build.0 = Win7 Release|Win32
		{5E1A5E76-AEC9-4633-BB57-DEF7DE4EFA7D}.CD_ROM|x64.ActiveCfg = Win7 Release|x64
		{5E1A5E76-AEC9-4633-BB57-DEF7DE4EFA7D}.CD_ROM|x64.Build.0 = Win7 Release|x64
		{5E1A5E76-AEC9-4633-BB57-DEF7DE4EFA7D}.CD_ROM|x64.Deploy.0 = Win7 Release|x64
		{5E1A5E76-AEC9-4633-BB57-DEF7DE4EFA7D}.CD_ROM|x86.ActiveCfg = Win7 Release|Win32
		{5E1A5E76-AEC9-4633-BB57-DEF7DE4EFA7D}.CD_ROM|x86.Build.0 = Win7 Release|Win32
		{5E1A5E76-AEC9-4633-BB57-DEF7DE4EFA7D}.DVD-5|Mixed Platforms.ActiveCfg = Win7 Release|Win32
		{5E1A5E76-AEC9-4633-BB57-DEF7DE4EFA7D}.DVD-5|Mixed Platforms.Build.0 = Win7 Release|Win32
		{5E1A5E76-AEC9-4633-BB57-DEF7DE4EFA7D}.DVD-5|Win32.ActiveCfg = Win7 Release|Win32
		{5E1A5E76-AEC9-4633-BB57-DEF7DE4EFA7D}.DVD-5|Win32.Build.0 = Win7 Release|Win32
		{5E1A5E76-AEC9-4633-BB57-DEF7DE4EFA7D}.DVD-5|x64.ActiveCfg = Win7 Release|x64
		{5E1A5E76-AEC9-4633-BB57-DEF7DE4EFA7D}.DVD-5|x64.Build.0 = Win7 Release|x64
		{5E1A5E76-AEC9-4633-BB57-DEF7DE4EFA7D}.DVD-5|x64.Deploy.0 = Win7 Release|x64
		{5E1A5E76-AEC9-4633-BB57-DEF7DE4EFA7D}.DVD-5|x86.ActiveCfg = Win7 Release|Win32
		{5E1A5E76-AEC9-4633-BB57-DEF7DE4EFA7D}.DVD-5|x86.Build.0 = Win7 Release|Win32
		{5E1A5E76-AEC9-4633-BB57-DEF7DE4EFA7D}.Debug|Mixed Platforms.ActiveCfg = Win8 beta Debug|Win32
		{5E1A5E76-AEC9-4633-BB57-DEF7DE4EFA7D}.Debug|Mixed Platforms.Build.0 = Win8 beta Debug|Win32
		{5E1A5E76-AEC9-4633-BB57-DEF7DE4EFA7D}.Debug|Win32.ActiveCfg = Win8 beta Debug|Win32
		{5E1A5E76-AEC9-4633-BB57-DEF7DE4EFA7D}.Debug|Win32.Build.0 = Win8 beta Debug|Win32
		{5E1A5E76-AEC9-4633-BB57-DEF7DE4EFA7D}.Debug|x64.ActiveCfg = Vista Debug|x64
		{5E1A5E76-AEC9-4633-BB57-DEF7DE4EFA7D}.Debug|x64.Build.0 = Vista Debug|x64
		{5E1A5E76-AEC9-4633-BB57-DEF7DE4EFA7D}.Debug|x64.Deploy.0 = Vista Debug|x64
		{5E1A5E76-AEC9-4633-BB57-DEF7DE4EFA7D}.Debug|x86.ActiveCfg = Win8 beta Debug|Win32
		{5E1A5E76-AEC9-4633-BB57-DEF7DE4EFA7D}.Debug|x86.Build.0 = Win8 beta Debug|Win32
		{5E1A5E76-AEC9-4633-BB57-DEF7DE4EFA7D}.Release|Mixed Platforms.ActiveCfg = Win7 Release|Win32
		{5E1A5E76-AEC9-4633-BB57-DEF7DE4EFA7D}.Release|Mixed Platforms.Build.0 = Win7 Release|Win32
		{5E1A5E76-AEC9-4633-BB57-DEF7DE4EFA7D}.Release|Win32.ActiveCfg = Win7 Release|Win32
		{5E1A5E76-AEC9-4633-BB57-DEF7DE4EFA7D}.Release|Win32.Build.0 = Win7 Release|Win32
		{5E1A5E76-AEC9-4633-BB57-DEF7DE4EFA7D}.Release|x64.ActiveCfg = Win7 Release|x64
		{5E1A5E76-AEC9-4633-BB57-DEF7DE4EFA7D}.Release|x64.Build.0 = Win7 Release|x64
		{5E1A5E76-AEC9-4633-BB57-DEF7DE4EFA7D}.Release|x64.Deploy.0 = Win7 Release|x64
		{5E1A5E76-AEC9-4633-BB57-DEF7DE4EFA7D}.Release|x86.ActiveCfg = Win7 Release|Win32
		{5E1A5E76-AEC9-4633-BB57-DEF7DE4EFA7D}.Release|x86.Build.0 = Win7 Release|Win32
		{5E1A5E76-AEC9-4633-BB57-DEF7DE4EFA7D}.SingleImage|Mixed Platforms.ActiveCfg = Win7 Release|Win32
		{5E1A5E76-AEC9-4633-BB57-DEF7DE4EFA7D}.SingleImage|Mixed Platforms.Build.0 = Win7 Release|Win32
		{5E1A5E76-AEC9-4633-BB57-DEF7DE4EFA7D}.SingleImage|Win32.ActiveCfg = Win7 Release|Win32
		{5E1A5E76-AEC9-4633-BB57-DEF7DE4EFA7D}.SingleImage|Win32.Build.0 = Win7 Release|Win32
		{5E1A5E76-AEC9-4633-BB57-DEF7DE4EFA7D}.SingleImage|x64.ActiveCfg = Win7 Release|x64
		{5E1A5E76-AEC9-4633-BB57-DEF7DE4EFA7D}.SingleImage|x64.Build.0 = Win7 Release|x64
		{5E1A5E76-AEC9-4633-BB57-DEF7DE4EFA7D}.SingleImage|x64.Deploy.0 = Win7 Release|x64
		{5E1A5E76-AEC9-4633-BB57-DEF7DE4EFA7D}.SingleImage|x86.ActiveCfg = Win7 Release|Win32
		{5E1A5E76-AEC9-4633-BB57-DEF7DE4EFA7D}.SingleImage|x86.Build.0 = Win7 Release|Win32
		{5E1A5E76-AEC9-4633-BB57-DEF7DE4EFA7D}.Vista Debug|Mixed Platforms.ActiveCfg = Vista Debug|Win32
		{5E1A5E76-AEC9-4633-BB57-DEF7DE4EFA7D}.Vista Debug|Mixed Platforms.Build.0 = Vista Debug|Win32
		{5E1A5E76-AEC9-4633-BB57-DEF7DE4EFA7D}.Vista Debug|Win32.ActiveCfg = Vista Debug|Win32
		{5E1A5E76-AEC9-4633-BB57-DEF7DE4EFA7D}.Vista Debug|Win32.Build.0 = Vista Debug|Win32
		{5E1A5E76-AEC9-4633-BB57-DEF7DE4EFA7D}.Vista Debug|x64.ActiveCfg = Vista Debug|x64
		{5E1A5E76-AEC9-4633-BB57-DEF7DE4EFA7D}.Vista Debug|x64.Build.0 = Vista Debug|x64
		{5E1A5E76-AEC9-4633-BB57-DEF7DE4EFA7D}.Vista Debug|x64.Deploy.0 = Vista Debug|x64
		{5E1A5E76-AEC9-4633-BB57-DEF7DE4EFA7D}.Vista Debug|x86.ActiveCfg = Vista Debug|Win32
		{5E1A5E76-AEC9-4633-BB57-DEF7DE4EFA7D}.Vista Debug|x86.Build.0 = Vista Debug|Win32
		{5E1A5E76-AEC9-4633-BB57-DEF7DE4EFA7D}.Vista Release|Mixed Platforms.ActiveCfg = Vista Release|Win32
		{5E1A5E76-AEC9-4633-BB57-DEF7DE4EFA7D}.Vista Release|Mixed Platforms.Build.0 = Vista Release|Win32
		{5E1A5E76-AEC9-4633-BB57-DEF7DE4EFA7D}.Vista Release|Win32.ActiveCfg = Vista Release|Win32
		{5E1A5E76-AEC9-4633-BB57-DEF7DE4EFA7D}.Vista Release|Win32.Build.0 = Vista Release|Win32
		{5E1A5E76-AEC9-4633-BB57-DEF7DE4EFA7D}.Vista Release|x64.ActiveCfg = Vista Release|x64
		{5E1A5E76-AEC9-4633-BB57-DEF7DE4EFA7D}.Vista Release|x64.Build.0 = Vista Release|x64
		{5E1A5E76-AEC9-4633-BB57-DEF7DE4EFA7D}.Vista Release|x64.Deploy.0 = Vista Release|x64
		{5E1A5E76-AEC9-4633-BB57-DEF7DE4EFA7D}.Vista Release|x86.ActiveCfg = Vista Release|Win32
		{5E1A5E76-AEC9-4633-BB57-DEF7DE4EFA7D}.Vista Release|x86.Build.0 = Vista Release|Win32
		{5E1A5E76-AEC9-4633-BB57-DEF7DE4EFA7D}.Win7 Debug|Mixed Platforms.ActiveCfg = Win7 Debug|Win32
		{5E1A5E76-AEC9-4633-BB57-DEF7DE4EFA7D}.Win7 Debug|Mixed Platforms.Build.0 = Win7 Debug|Win32
		{5E1A5E76-AEC9-4633-BB57-DEF7DE4EFA7D}.Win7 Debug|Win32.ActiveCfg = Win7 Debug|Win32
		{5E1A5E76-AEC9-4633-BB57-DEF7DE4EFA7D}.Win7 Debug|Win32.Build.0 = Win7 Debug|Win32
		{5E1A5E76-AEC9-4633-BB57-DEF7DE4EFA7D}.Win7 Debug|x64.ActiveCfg = Win7 Debug|x64
		{5E1A5E76-AEC9-4633-BB57-DEF7DE4EFA7D}.Win7 Debug|x64.Build.0 = Win7 Debug|x64
		{5E1A5E76-AEC9-4633-BB57-DEF7DE4EFA7D}.Win7 Debug|x64.Deploy.0 = Win7 Debug|x64
		{5E1A5E76-AEC9-4633-BB57-DEF7DE4EFA7D}.Win7 Debug|x86.ActiveCfg = Win7 Debug|Win32
		{5E1A5E76-AEC9-4633-BB57-DEF7DE4EFA7D}.Win7 Debug|x86.Build.0 = Win7 Debug|Win32
		{5E1A5E76-AEC9-4633-BB57-DEF7DE4EFA7D}.Win7 Release|Mixed Platforms.ActiveCfg = Win7 Release|Win32
		{5E1A5E76-AEC9-4633-BB57-DEF7DE4EFA7D}.Win7 Release|Mixed Platforms.Build.0 = Win7 Release|Win32
		{5E1A5E76-AEC9-4633-BB57-DEF7DE4EFA7D}.Win7 Release|Win32.ActiveCfg = Win7 Release|Win32
		{5E1A5E76-AEC9-4633-BB57-DEF7DE4EFA7D}.Win7 Release|Win32.Build.0 = Win7 Release|Win32
		{5E1A5E76-AEC9-4633-BB57-DEF7DE4EFA7D}.Win7 Release|x64.ActiveCfg = Win7 Release|x64
		{5E1A5E76-AEC9-4633-BB57-DEF7DE4EFA7D}.Win7 Release|x64.Build.0 = Win7 Release|x64
		{5E1A5E76-AEC9-4633-BB57-DEF7DE4EFA7D}.Win7 Release|x64.Deploy.0 = Win7 Release|x64
		{5E1A5E76-AEC9-4633-BB57-DEF7DE4EFA7D}.Win7 Release|x86.ActiveCfg = Win7 Release|Win32
		{5E1A5E76-AEC9-4633-BB57-DEF7DE4EFA7D}.Win7 Release|x86.Build.0 = Win7 Release|Win32
		{5E1A5E76-AEC9-4633-BB57-DEF7DE4EFA7D}.Win8 beta Debug|Mixed Platforms.ActiveCfg = Win8 beta Debug|Win32
		{5E1A5E76-AEC9-4633-BB57-DEF7DE4EFA7D}.Win8 beta Debug|Mixed Platforms.Build.0 = Win8 beta Debug|Win32
		{5E1A5E76-AEC9-4633-BB57-DEF7DE4EFA7D}.Win8 beta Debug|Win32.ActiveCfg = Win8 beta Debug|Win32
		{5E1A5E76-AEC9-4633-BB57-DEF7DE4EFA7D}.Win8 beta Debug|Win32.Build.0 = Win8 beta Debug|Win32
		{5E1A5E76-AEC9-4633-BB57-DEF7DE4EFA7D}.Win8 beta Debug|x64.ActiveCfg = Win8 beta Debug|x64
		{5E1A5E76-AEC9-4633-BB57-DEF7DE4EFA7D}.Win8 beta Debug|x64.Build.0 = Win8 beta Debug|x64
		{5E1A5E76-AEC9-4633-BB57-DEF7DE4EFA7D}.Win8 beta Debug|x64.Deploy.0 = Win8 beta Debug|x64
		{5E1A5E76-AEC9-4633-BB57-DEF7DE4EFA7D}.Win8 beta Debug|x86.ActiveCfg = Win8 beta Debug|Win32
		{5E1A5E76-AEC9-4633-BB57-DEF7DE4EFA7D}.Win8 beta Debug|x86.Build.0 = Win8 beta Debug|Win32
		{5E1A5E76-AEC9-4633-BB57-DEF7DE4EFA7D}.Win8 beta Release|Mixed Platforms.ActiveCfg = Win8 beta Release|Win32
		{5E1A5E76-AEC9-4633-BB57-DEF7DE4EFA7D}.Win8 beta Release|Mixed Platforms.Build.0 = Win8 beta Release|Win32
		{5E1A5E76-AEC9-4633-BB57-DEF7DE4EFA7D}.Win8 beta Release|Win32.ActiveCfg = Win8 beta Release|Win32
		{5E1A5E76-AEC9-4633-BB57-DEF7DE4EFA7D}.Win8 beta Release|Win32.Build.0 = Win8 beta Release|Win32
		{5E1A5E76-AEC9-4633-BB57-DEF7DE4EFA7D}.Win8 beta Release|x64.ActiveCfg = Win8 beta Release|x64
		{5E1A5E76-AEC9-4633-BB57-DEF7DE4EFA7D}.Win8 beta Release|x64.Build.0 = Win8 beta Release|x64
		{5E1A5E76-AEC9-4633-BB57-DEF7DE4EFA7D}.Win8 beta Release|x64.Deploy.0 = Win8 beta Release|x64
		{5E1A5E76-AEC9-4633-BB57-DEF7DE4EFA7D}.Win8 beta Release|x86.ActiveCfg = Win8 beta Release|Win32
		{5E1A5E76-AEC9-4633-BB57-DEF7DE4EFA7D}.Win8 beta Release|x86.Build.0 = Win8 beta Release|Win32
		{C658019D-17CF-4FEA-8002-23E2100BB54E}.CD_ROM|Mixed Platforms.ActiveCfg = Vista Release|Win32
		{C658019D-17CF-4FEA-8002-23E2100BB54E}.CD_ROM|Mixed Platforms.Build.0 = Vista Release|Win32
		{C658019D-17CF-4FEA-8002-23E2100BB54E}.CD_ROM|Win32.ActiveCfg = Vista Release|Win32
		{C658019D-17CF-4FEA-8002-23E2100BB54E}.CD_ROM|Win32.Build.0 = Vista Release|Win32
		{C658019D-17CF-4FEA-8002-23E2100BB54E}.CD_ROM|x64.ActiveCfg = Win8 beta Release|x64
		{C658019D-17CF-4FEA-8002-23E2100BB54E}.CD_ROM|x64.Build.0 = Win8 beta Release|x64
		{C658019D-17CF-4FEA-8002-23E2100BB54E}.CD_ROM|x64.Deploy.0 = Win8 beta Release|x64
		{C658019D-17CF-4FEA-8002-23E2100BB54E}.CD_ROM|x86.ActiveCfg = Vista Debug|Win32
		{C658019D-17CF-4FEA-8002-23E2100BB54E}.CD_ROM|x86.Build.0 = Vista Debug|Win32
		{C658019D-17CF-4FEA-8002-23E2100BB54E}.DVD-5|Mixed Platforms.ActiveCfg = Vista Release|Win32
		{C658019D-17CF-4FEA-8002-23E2100BB54E}.DVD-5|Mixed Platforms.Build.0 = Vista Release|Win32
		{C658019D-17CF-4FEA-8002-23E2100BB54E}.DVD-5|Win32.ActiveCfg = Vista Release|Win32
		{C658019D-17CF-4FEA-8002-23E2100BB54E}.DVD-5|Win32.Build.0 = Vista Release|Win32
		{C658019D-17CF-4FEA-8002-23E2100BB54E}.DVD-5|x64.ActiveCfg = Win8 beta Release|x64
		{C658019D-17CF-4FEA-8002-23E2100BB54E}.DVD-5|x64.Build.0 = Win8 beta Release|x64
		{C658019D-17CF-4FEA-8002-23E2100BB54E}.DVD-5|x64.Deploy.0 = Win8 beta Release|x64
		{C658019D-17CF-4FEA-8002-23E2100BB54E}.DVD-5|x86.ActiveCfg = Vista Debug|Win32
		{C658019D-17CF-4FEA-8002-23E2100BB54E}.DVD-5|x86.Build.0 = Vista Debug|Win32
		{C658019D-17CF-4FEA-8002-23E2100BB54E}.Debug|Mixed Platforms.ActiveCfg = Win7 Debug|Win32
		{C658019D-17CF-4FEA-8002-23E2100BB54E}.Debug|Mixed Platforms.Build.0 = Win7 Debug|Win32
		{C658019D-17CF-4FEA-8002-23E2100BB54E}.Debug|Mixed Platforms.Deploy.0 = Win7 Debug|Win32
		{C658019D-17CF-4FEA-8002-23E2100BB54E}.Debug|Win32.ActiveCfg = Win8 beta Debug|Win32
		{C658019D-17CF-4FEA-8002-23E2100BB54E}.Debug|Win32.Build.0 = Win8 beta Debug|Win32
		{C658019D-17CF-4FEA-8002-23E2100BB54E}.Debug|x64.ActiveCfg = Vista Debug|x64
		{C658019D-17CF-4FEA-8002-23E2100BB54E}.Debug|x64.Build.0 = Vista Debug|x64
		{C658019D-17CF-4FEA-8002-23E2100BB54E}.Debug|x64.Deploy.0 = Vista Debug|x64
		{C658019D-17CF-4FEA-8002-23E2100BB54E}.Debug|x86.ActiveCfg = Vista Debug|Win32
		{C658019D-17CF-4FEA-8002-23E2100BB54E}.Debug|x86.Build.0 = Vista Debug|Win32
		{C658019D-17CF-4FEA-8002-23E2100BB54E}.Release|Mixed Platforms.ActiveCfg = Win8 beta Release|Win32
		{C658019D-17CF-4FEA-8002-23E2100BB54E}.Release|Mixed Platforms.Build.0 = Win8 beta Release|Win32
		{C658019D-17CF-4FEA-8002-23E2100BB54E}.Release|Mixed Platforms.Deploy.0 = Win8 beta Release|Win32
		{C658019D-17CF-4FEA-8002-23E2100BB54E}.Release|Win32.ActiveCfg = Win7 Release|Win32
		{C658019D-17CF-4FEA-8002-23E2100BB54E}.Release|Win32.Build.0 = Win7 Release|Win32
		{C658019D-17CF-4FEA-8002-23E2100BB54E}.Release|x64.ActiveCfg = Win7 Release|x64
		{C658019D-17CF-4FEA-8002-23E2100BB54E}.Release|x64.Build.0 = Win7 Release|x64
		{C658019D-17CF-4FEA-8002-23E2100BB54E}.Release|x64.Deploy.0 = Win7 Release|x64
		{C658019D-17CF-4FEA-8002-23E2100BB54E}.Release|x86.ActiveCfg = Win7 Release|Win32
		{C658019D-17CF-4FEA-8002-23E2100BB54E}.Release|x86.Build.0 = Win7 Release|Win32
		{C658019D-17CF-4FEA-8002-23E2100BB54E}.SingleImage|Mixed Platforms.ActiveCfg = Vista Release|Win32
		{C658019D-17CF-4FEA-8002-23E2100BB54E}.SingleImage|Mixed Platforms.Build.0 = Vista Release|Win32
		{C658019D-17CF-4FEA-8002-23E2100BB54E}.SingleImage|Win32.ActiveCfg = Vista Release|Win32
		{C658019D-17CF-4FEA-8002-23E2100BB54E}.SingleImage|Win32.Build.0 = Vista Release|Win32
		{C658019D-17CF-4FEA-8002-23E2100BB54E}.SingleImage|x64.ActiveCfg = Win8 beta Release|x64
		{C658019D-17CF-4FEA-8002-23E2100BB54E}.SingleImage|x64.Build.0 = Win8 beta Release|x64
		{C658019D-17CF-4FEA-8002-23E2100BB54E}.SingleImage|x64.Deploy.0 = Win8 beta Release|x64
		{C658019D-17CF-4FEA-8002-23E2100BB54E}.SingleImage|x86.ActiveCfg = Vista Debug|Win32
		{C658019D-17CF-4FEA-8002-23E2100BB54E}.SingleImage|x86.Build.0 = Vista Debug|Win32
		{C658019D-17CF-4FEA-8002-23E2100BB54E}.Vista Debug|Mixed Platforms.ActiveCfg = Vista Debug|Win32
		{C658019D-17CF-4FEA-8002-23E2100BB54E}.Vista Debug|Mixed Platforms.Build.0 = Vista Debug|Win32
		{C658019D-17CF-4FEA-8002-23E2100BB54E}.Vista Debug|Mixed Platforms.Deploy.0 = Vista Debug|Win32
		{C658019D-17CF-4FEA-8002-23E2100BB54E}.Vista Debug|Win32.ActiveCfg = Vista Debug|Win32
		{C658019D-17CF-4FEA-8002-23E2100BB54E}.Vista Debug|Win32.Build.0 = Vista Debug|Win32
		{C658019D-17CF-4FEA-8002-23E2100BB54E}.Vista Debug|x64.ActiveCfg = Vista Debug|x64
		{C658019D-17CF-4FEA-8002-23E2100BB54E}.Vista Debug|x64.Build.0 = Vista Debug|x64
		{C658019D-17CF-4FEA-8002-23E2100BB54E}.Vista Debug|x64.Deploy.0 = Vista Debug|x64
		{C658019D-17CF-4FEA-8002-23E2100BB54E}.Vista Debug|x86.ActiveCfg = Vista Debug|Win32
		{C658019D-17CF-4FEA-8002-23E2100BB54E}.Vista Debug|x86.Build.0 = Vista Debug|Win32
		{C658019D-17CF-4FEA-8002-23E2100BB54E}.Vista Release|Mixed Platforms.ActiveCfg = Vista Release|Win32
		{C658019D-17CF-4FEA-8002-23E2100BB54E}.Vista Release|Mixed Platforms.Build.0 = Vista Release|Win32
		{C658019D-17CF-4FEA-8002-23E2100BB54E}.Vista Release|Mixed Platforms.Deploy.0 = Vista Release|Win32
		{C658019D-17CF-4FEA-8002-23E2100BB54E}.Vista Release|Win32.ActiveCfg = Vista Release|Win32
		{C658019D-17CF-4FEA-8002-23E2100BB54E}.Vista Release|Win32.Build.0 = Vista Release|Win32
		{C658019D-17CF-4FEA-8002-23E2100BB54E}.Vista Release|x64.ActiveCfg = Vista Release|x64
		{C658019D-17CF-4FEA-8002-23E2100BB54E}.Vista Release|x64.Build.0 = Vista Release|x64
		{C658019D-17CF-4FEA-8002-23E2100BB54E}.Vista Release|x64.Deploy.0 = Vista Release|x64
		{C658019D-17CF-4FEA-8002-23E2100BB54E}.Vista Release|x86.ActiveCfg = Vista Release|Win32
		{C658019D-17CF-4FEA-8002-23E2100BB54E}.Vista Release|x86.Build.0 = Vista Release|Win32
		{C658019D-17CF-4FEA-8002-23E2100BB54E}.Win7 Debug|Mixed Platforms.ActiveCfg = Win7 Debug|Win32
		{C658019D-17CF-4FEA-8002-23E2100BB54E}.Win7 Debug|Mixed Platforms.Build.0 = Win7 Debug|Win32
		{C658019D-17CF-4FEA-8002-23E2100BB54E}.Win7 Debug|Mixed Platforms.Deploy.0 = Win7 Debug|Win32
		{C658019D-17CF-4FEA-8002-23E2100BB54E}.Win7 Debug|Win32.ActiveCfg = Win7 Debug|Win32
		{C658019D-17CF-4FEA-8002-23E2100BB54E}.Win7 Debug|Win32.Build.0 = Win7 Debug|Win32
		{C658019D-17CF-4FEA-8002-23E2100BB54E}.Win7 Debug|x64.ActiveCfg = Win7 Debug|x64
		{C658019D-17CF-4FEA-8002-23E2100BB54E}.Win7 Debug|x64.Build.0 = Win7 Debug|x64
		{C658019D-17CF-4FEA-8002-23E2100BB54E}.Win7 Debug|x64.Deploy.0 = Win7 Debug|x64
		{C658019D-17CF-4FEA-8002-23E2100BB54E}.Win7 Debug|x86.ActiveCfg = Win7 Debug|Win32
		{C658019D-17CF-4FEA-8002-23E2100BB54E}.Win7 Debug|x86.Build.0 = Win7 Debug|Win32
		{C658019D-17CF-4FEA-8002-23E2100BB54E}.Win7 Release|Mixed Platforms.ActiveCfg = Win7 Release|Win32
		{C658019D-17CF-4FEA-8002-23E2100BB54E}.Win7 Release|Mixed Platforms.Build.0 = Win7 Release|Win32
		{C658019D-17CF-4FEA-8002-23E2100BB54E}.Win7 Release|Mixed Platforms.Deploy.0 = Win7 Release|Win32
		{C658019D-17CF-4FEA-8002-23E2100BB54E}.Win7 Release|Win32.ActiveCfg = Win7 Release|Win32
		{C658019D-17CF-4FEA-8002-23E2100BB54E}.Win7 Release|Win32.Build.0 = Win7 Release|Win32
		{C658019D-17CF-4FEA-8002-23E2100BB54E}.Win7 Release|x64.ActiveCfg = Win7 Release|x64
		{C658019D-17CF-4FEA-8002-23E2100BB54E}.Win7 Release|x64.Build.0 = Win7 Release|x64
		{C658019D-17CF-4FEA-8002-23E2100BB54E}.Win7 Release|x64.Deploy.0 = Win7 Release|x64
		{C658019D-17CF-4FEA-8002-23E2100BB54E}.Win7 Release|x86.ActiveCfg = Win7 Release|Win32
		{C658019D-17CF-4FEA-8002-23E2100BB54E}.Win7 Release|x86.Build.0 = Win7 Release|Win32
		{C658019D-17CF-4FEA-8002-23E2100BB54E}.Win8 beta Debug|Mixed Platforms.ActiveCfg = Win8 beta Debug|Win32
		{C658019D-17CF-4FEA-8002-23E2100BB54E}.Win8 beta Debug|Mixed Platforms.Build.0 = Win8 beta Debug|Win32
		{C658019D-17CF-4FEA-8002-23E2100BB54E}.Win8 beta Debug|Mixed Platforms.Deploy.0 = Win8 beta Debug|Win32
		{C658019D-17CF-4FEA-8002-23E2100BB54E}.Win8 beta Debug|Win32.ActiveCfg = Win8 beta Debug|Win32
		{C658019D-17CF-4FEA-8002-23E2100BB54E}.Win8 beta Debug|Win32.Build.0 = Win8 beta Debug|Win32
		{C658019D-17CF-4FEA-8002-23E2100BB54E}.Win8 beta Debug|x64.ActiveCfg = Win8 beta Debug|x64
		{C658019D-17CF-4FEA-8002-23E2100BB54E}.Win8 beta Debug|x64.Build.0 = Win8 beta Debug|x64
		{C658019D-17CF-4FEA-8002-23E2100BB54E}.Win8 beta Debug|x64.Deploy.0 = Win8 beta Debug|x64
		{C658019D-17CF-4FEA-8002-23E2100BB54E}.Win8 beta Debug|x86.ActiveCfg = Win8 beta Debug|Win32
		{C658019D-17CF-4FEA-8002-23E2100BB54E}.Win8 beta Debug|x86.Build.0 = Win8 beta Debug|Win32
		{C658019D-17CF-4FEA-8002-23E2100BB54E}.Win8 beta Release|Mixed Platforms.ActiveCfg = Win8 beta Release|Win32
		{C658019D-17CF-4FEA-8002-23E2100BB54E}.Win8 beta Release|Mixed Platforms.Build.0 = Win8 beta Release|Win32
		{C658019D-17CF-4FEA-8002-23E2100BB54E}.Win8 beta Release|Mixed Platforms.Deploy.0 = Win8 beta Release|Win32
		{C658019D-17CF-4FEA-8002-23E2100BB54E}.Win8 beta Release|Win32.ActiveCfg = Win8 beta Release|Win32
		{C658019D-17CF-4FEA-8002-23E2100BB54E}.Win8 beta Release|Win32.Build.0 = Win8 beta Release|Win32
		{C658019D-17CF-4FEA-8002-23E2100BB54E}.Win8 beta Release|x64.ActiveCfg = Win8 beta Release|x64
		{C658019D-17CF-4FEA-8002-23E2100BB54E}.Win8 beta Release|x64.Build.0 = Win8 beta Release|x64
		{C658019D-17CF-4FEA-8002-23E2100BB54E}.Win8 beta Release|x64.Deploy.0 = Win8 beta Release|x64
		{C658019D-17CF-4FEA-8002-23E2100BB54E}.Win8 beta Release|x86.ActiveCfg = Win8 beta Release|Win32
		{C658019D-17CF-4FEA-8002-23E2100BB54E}.Win8 beta Release|x86.Build.0 = Win8 beta Release|Win32
		{E1A1D011-C268-40D4-B972-857771536C60}.CD_ROM|Mixed Platforms.ActiveCfg = Win8 beta Release|Win32
		{E1A1D011-C268-40D4-B972-857771536C60}.CD_ROM|Mixed Platforms.Build.0 = Win8 beta Release|Win32
		{E1A1D011-C268-40D4-B972-857771536C60}.CD_ROM|Win32.ActiveCfg = Win8 beta Release|Win32
		{E1A1D011-C268-40D4-B972-857771536C60}.CD_ROM|Win32.Build.0 = Win8 beta Release|Win32
		{E1A1D011-C268-40D4-B972-857771536C60}.CD_ROM|x64.ActiveCfg = Win8 beta Release|x64
		{E1A1D011-C268-40D4-B972-857771536C60}.CD_ROM|x64.Build.0 = Win8 beta Release|x64
		{E1A1D011-C268-40D4-B972-857771536C60}.CD_ROM|x64.Deploy.0 = Win8 beta Release|x64
		{E1A1D011-C268-40D4-B972-857771536C60}.CD_ROM|x86.ActiveCfg = Win7 Debug|Win32
		{E1A1D011-C268-40D4-B972-857771536C60}.CD_ROM|x86.Build.0 = Win7 Debug|Win32
		{E1A1D011-C268-40D4-B972-857771536C60}.DVD-5|Mixed Platforms.ActiveCfg = Win8 beta Release|Win32
		{E1A1D011-C268-40D4-B972-857771536C60}.DVD-5|Mixed Platforms.Build.0 = Win8 beta Release|Win32
		{E1A1D011-C268-40D4-B972-857771536C60}.DVD-5|Win32.ActiveCfg = Win8 beta Release|Win32
		{E1A1D011-C268-40D4-B972-857771536C60}.DVD-5|Win32.Build.0 = Win8 beta Release|Win32
		{E1A1D011-C268-40D4-B972-857771536C60}.DVD-5|x64.ActiveCfg = Win8 beta Release|x64
		{E1A1D011-C268-40D4-B972-857771536C60}.DVD-5|x64.Build.0 = Win8 beta Release|x64
		{E1A1D011-C268-40D4-B972-857771536C60}.DVD-5|x64.Deploy.0 = Win8 beta Release|x64
		{E1A1D011-C268-40D4-B972-857771536C60}.DVD-5|x86.ActiveCfg = Win7 Debug|Win32
		{E1A1D011-C268-40D4-B972-857771536C60}.DVD-5|x86.Build.0 = Win7 Debug|Win32
		{E1A1D011-C268-40D4-B972-857771536C60}.Debug|Mixed Platforms.ActiveCfg = Win8 beta Debug|Win32
		{E1A1D011-C268-40D4-B972-857771536C60}.Debug|Mixed Platforms.Build.0 = Win8 beta Debug|Win32
		{E1A1D011-C268-40D4-B972-857771536C60}.Debug|Win32.ActiveCfg = Win8 beta Debug|Win32
		{E1A1D011-C268-40D4-B972-857771536C60}.Debug|Win32.Build.0 = Win8 beta Debug|Win32
		{E1A1D011-C268-40D4-B972-857771536C60}.Debug|x64.ActiveCfg = Vista Debug|x64
		{E1A1D011-C268-40D4-B972-857771536C60}.Debug|x64.Build.0 = Vista Debug|x64
		{E1A1D011-C268-40D4-B972-857771536C60}.Debug|x64.Deploy.0 = Vista Debug|x64
		{E1A1D011-C268-40D4-B972-857771536C60}.Debug|x86.ActiveCfg = Win7 Debug|Win32
		{E1A1D011-C268-40D4-B972-857771536C60}.Debug|x86.Build.0 = Win7 Debug|Win32
		{E1A1D011-C268-40D4-B972-857771536C60}.Release|Mixed Platforms.ActiveCfg = Win7 Release|Win32
		{E1A1D011-C268-40D4-B972-857771536C60}.Release|Mixed Platforms.Build.0 = Win7 Release|Win32
		{E1A1D011-C268-40D4-B972-857771536C60}.Release|Win32.ActiveCfg = Win7 Release|Win32
		{E1A1D011-C268-40D4-B972-857771536C60}.Release|Win32.Build.0 = Win7 Release|Win32
		{E1A1D011-C268-40D4-B972-857771536C60}.Release|x64.ActiveCfg = Win7 Release|x64
		{E1A1D011-C268-40D4-B972-857771536C60}.Release|x64.Build.0 = Win7 Release|x64
		{E1A1D011-C268-40D4-B972-857771536C60}.Release|x64.Deploy.0 = Win7 Release|x64
		{E1A1D011-C268-40D4-B972-857771536C60}.Release|x86.ActiveCfg = Vista Release|Win32
		{E1A1D011-C268-40D4-B972-857771536C60}.Release|x86.Build.0 = Vista Release|Win32
		{E1A1D011-C268-40D4-B972-857771536C60}.SingleImage|Mixed Platforms.ActiveCfg = Win8 beta Release|Win32
		{E1A1D011-C268-40D4-B972-857771536C60}.SingleImage|Mixed Platforms.Build.0 = Win8 beta Release|Win32
		{E1A1D011-C268-40D4-B972-857771536C60}.SingleImage|Win32.ActiveCfg = Win8 beta Release|Win32
		{E1A1D011-C268-40D4-B972-857771536C60}.SingleImage|Win32.Build.0 = Win8 beta Release|Win32
		{E1A1D011-C268-40D4-B972-857771536C60}.SingleImage|x64.ActiveCfg = Win8 beta Release|x64
		{E1A1D011-C268-40D4-B972-857771536C60}.SingleImage|x64.Build.0 = Win8 beta Release|x64
		{E1A1D011-C268-40D4-B972-857771536C60}.SingleImage|x64.Deploy.0 = Win8 beta Release|x64
		{E1A1D011-C268-40D4-B972-857771536C60}.SingleImage|x86.ActiveCfg = Win7 Debug|Win32
		{E1A1D011-C268-40D4-B972-857771536C60}.SingleImage|x86.Build.0 = Win7 Debug|Win32
		{E1A1D011-C268-40D4-B972-857771536C60}.Vista Debug|Mixed Platforms.ActiveCfg = Vista Debug|Win32
		{E1A1D011-C268-40D4-B972-857771536C60}.Vista Debug|Mixed Platforms.Build.0 = Vista Debug|Win32
		{E1A1D011-C268-40D4-B972-857771536C60}.Vista Debug|Win32.ActiveCfg = Vista Debug|Win32
		{E1A1D011-C268-40D4-B972-857771536C60}.Vista Debug|Win32.Build.0 = Vista Debug|Win32
		{E1A1D011-C268-40D4-B972-857771536C60}.Vista Debug|x64.ActiveCfg = Vista Debug|x64
		{E1A1D011-C268-40D4-B972-857771536C60}.Vista Debug|x64.Build.0 = Vista Debug|x64
		{E1A1D011-C268-40D4-B972-857771536C60}.Vista Debug|x64.Deploy.0 = Vista Debug|x64
		{E1A1D011-C268-40D4-B972-857771536C60}.Vista Debug|x86.ActiveCfg = Vista Debug|Win32
		{E1A1D011-C268-40D4-B972-857771536C60}.Vista Debug|x86.Build.0 = Vista Debug|Win32
		{E1A1D011-C268-40D4-B972-857771536C60}.Vista Release|Mixed Platforms.ActiveCfg = Vista Release|Win32
		{E1A1D011-C268-40D4-B972-857771536C60}.Vista Release|Mixed Platforms.Build.0 = Vista Release|Win32
		{E1A1D011-C268-40D4-B972-857771536C60}.Vista Release|Win32.ActiveCfg = Vista Release|Win32
		{E1A1D011-C268-40D4-B972-857771536C60}.Vista Release|Win32.Build.0 = Vista Release|Win32
		{E1A1D011-C268-40D4-B972-857771536C60}.Vista Release|x64.ActiveCfg = Vista Release|x64
		{E1A1D011-C268-40D4-B972-857771536C60}.Vista Release|x64.Build.0 = Vista Release|x64
		{E1A1D011-C268-40D4-B972-857771536C60}.Vista Release|x64.Deploy.0 = Vista Release|x64
		{E1A1D011-C268-40D4-B972-857771536C60}.Vista Release|x86.ActiveCfg = Vista Release|Win32
		{E1A1D011-C268-40D4-B972-857771536C60}.Vista Release|x86.Build.0 = Vista Release|Win32
		{E1A1D011-C268-40D4-B972-857771536C60}.Win7 Debug|Mixed Platforms.ActiveCfg = Win7 Debug|Win32
		{E1A1D011-C268-40D4-B972-857771536C60}.Win7 Debug|Mixed Platforms.Build.0 = Win7 Debug|Win32
		{E1A1D011-C268-40D4-B972-857771536C60}.Win7 Debug|Win32.ActiveCfg = Win7 Debug|Win32
		{E1A1D011-C268-40D4-B972-857771536C60}.Win7 Debug|Win32.Build.0 = Win7 Debug|Win32
		{E1A1D011-C268-40D4-B972-857771536C60}.Win7 Debug|x64.ActiveCfg = Win7 Debug|x64
		{E1A1D011-C268-40D4-B972-857771536C60}.Win7 Debug|x64.Build.0 = Win7 Debug|x64
		{E1A1D011-C268-40D4-B972-857771536C60}.Win7 Debug|x64.Deploy.0 = Win7 Debug|x64
		{E1A1D011-C268-40D4-B972-857771536C60}.Win7 Debug|x86.ActiveCfg = Win7 Debug|Win32
		{E1A1D011-C268-40D4-B972-857771536C60}.Win7 Debug|x86.Build.0 = Win7 Debug|Win32
		{E1A1D011-C268-40D4-B972-857771536C60}.Win7 Release|Mixed Platforms.ActiveCfg = Win7 Release|Win32
		{E1A1D011-C268-40D4-B972-857771536C60}.Win7 Release|Mixed Platforms.Build.0 = Win7 Release|Win32
		{E1A1D011-C268-40D4-B972-857771536C60}.Win7 Release|Win32.ActiveCfg = Win7 Release|Win32
		{E1A1D011-C268-40D4-B972-857771536C60}.Win7 Release|Win32.Build.0 = Win7 Release|Win32
		{E1A1D011-C268-40D4-B972-857771536C60}.Win7 Release|x64.ActiveCfg = Win7 Release|x64
		{E1A1D011-C268-40D4-B972-857771536C60}.Win7 Release|x64.Build.0 = Win7 Release|x64
		{E1A1D011-C268-40D4-B972-857771536C60}.Win7 Release|x64.Deploy.0 = Win7 Release|x64
		{E1A1D011-C268-40D4-B972-857771536C60}.Win7 Release|x86.ActiveCfg = Win7 Release|Win32
		{E1A1D011-C268-40D4-B972-857771536C60}.Win7 Release|x86.Build.0 = Win7 Release|Win32
		{E1A1D011-C268-40D4-B972-857771536C60}.Win8 beta Debug|Mixed Platforms.ActiveCfg = Win8 beta Debug|Win32
		{E1A1D011-C268-40D4-B972-857771536C60}.Win8 beta Debug|Mixed Platforms.Build.0 = Win8 beta Debug|Win32
		{E1A1D011-C268-40D4-B972-857771536C60}.Win8 beta Debug|Win32.ActiveCfg = Win8 beta Debug|Win32
		{E1A1D011-C268-40D4-B972-857771536C60}.Win8 beta Debug|Win32.Build.0 = Win8 beta Debug|Win32
		{E1A1D011-C268-40D4-B972-857771536C60}.Win8 beta Debug|x64.ActiveCfg = Win8 beta Debug|x64
		{E1A1D011-C268-40D4-B972-857771536C60}.Win8 beta Debug|x64.Build.0 = Win8 beta Debug|x64
		{E1A1D011-C268-40D4-B972-857771536C60}.Win8 beta Debug|x64.Deploy.0 = Win8 beta Debug|x64
		{E1A1D011-C268-40D4-B972-857771536C60}.Win8 beta Debug|x86.ActiveCfg = Win8 beta Debug|Win32
		{E1A1D011-C268-40D4-B972-857771536C60}.Win8 beta Debug|x86.Build.0 = Win8 beta Debug|Win32
		{E1A1D011-C268-40D4-B972-857771536C60}.Win8 beta Release|Mixed Platforms.ActiveCfg = Win8 beta Release|Win32
		{E1A1D011-C268-40D4-B972-857771536C60}.Win8 beta Release|Mixed Platforms.Build.0 = Win8 beta Release|Win32
		{E1A1D011-C268-40D4-B972-857771536C60}.Win8 beta Release|Win32.ActiveCfg = Win8 beta Release|Win32
		{E1A1D011-C268-40D4-B972-857771536C60}.Win8 beta Release|Win32.Build.0 = Win8 beta Release|Win32
		{E1A1D011-C268-40D4-B972-857771536C60}.Win8 beta Release|x64.ActiveCfg = Win8 beta Release|x64
		{E1A1D011-C268-40D4-B972-857771536C60}.Win8 beta Release|x64.Build.0 = Win8 beta Release|x64
		{E1A1D011-C268-40D4-B972-857771536C60}.Win8 beta Release|x64.Deploy.0 = Win8 beta Release|x64
		{E1A1D011-C268-40D4-B972-857771536C60}.Win8 beta Release|x86.ActiveCfg = Win8 beta Release|Win32
		{E1A1D011-C268-40D4-B972-857771536C60}.Win8 beta Release|x86.Build.0 = Win8 beta Release|Win32
	EndGlobalSection
	GlobalSection(SolutionProperties) = preSolution
		HideSolutionNode = FALSE
	EndGlobalSection
EndGlobal
